// !$*UTF8*$!
{
	archiveVersion = 1;
	classes = {
	};
	objectVersion = 46;
	objects = {

/* Begin PBXBuildFile section */
		3E4336D61B213A940051F063 /* MMLuaBridge.h in CopyFiles */ = {isa = PBXBuildFile; fileRef = 3E4336D51B213A940051F063 /* MMLuaBridge.h */; };
		3E4336D81B213A940051F063 /* MMLuaBridge.m in Sources */ = {isa = PBXBuildFile; fileRef = 3E4336D71B213A940051F063 /* MMLuaBridge.m */; };
		3E4336DE1B213A940051F063 /* libMMLuaBridge.a in Frameworks */ = {isa = PBXBuildFile; fileRef = 3E4336D21B213A940051F063 /* libMMLuaBridge.a */; };
		3E43378D1B213ADC0051F063 /* lapi.c in Sources */ = {isa = PBXBuildFile; fileRef = 3E4337501B213ADC0051F063 /* lapi.c */; };
		3E43378E1B213ADC0051F063 /* lauxlib.c in Sources */ = {isa = PBXBuildFile; fileRef = 3E4337521B213ADC0051F063 /* lauxlib.c */; };
		3E43378F1B213ADC0051F063 /* lbaselib.c in Sources */ = {isa = PBXBuildFile; fileRef = 3E4337541B213ADC0051F063 /* lbaselib.c */; };
		3E4337901B213ADC0051F063 /* lbitlib.c in Sources */ = {isa = PBXBuildFile; fileRef = 3E4337551B213ADC0051F063 /* lbitlib.c */; };
		3E4337911B213ADC0051F063 /* lcode.c in Sources */ = {isa = PBXBuildFile; fileRef = 3E4337561B213ADC0051F063 /* lcode.c */; };
		3E4337921B213ADC0051F063 /* lcorolib.c in Sources */ = {isa = PBXBuildFile; fileRef = 3E4337581B213ADC0051F063 /* lcorolib.c */; };
		3E4337931B213ADC0051F063 /* lctype.c in Sources */ = {isa = PBXBuildFile; fileRef = 3E4337591B213ADC0051F063 /* lctype.c */; };
		3E4337941B213ADC0051F063 /* ldblib.c in Sources */ = {isa = PBXBuildFile; fileRef = 3E43375B1B213ADC0051F063 /* ldblib.c */; };
		3E4337951B213ADC0051F063 /* ldebug.c in Sources */ = {isa = PBXBuildFile; fileRef = 3E43375C1B213ADC0051F063 /* ldebug.c */; };
		3E4337961B213ADC0051F063 /* ldo.c in Sources */ = {isa = PBXBuildFile; fileRef = 3E43375E1B213ADC0051F063 /* ldo.c */; };
		3E4337971B213ADC0051F063 /* ldump.c in Sources */ = {isa = PBXBuildFile; fileRef = 3E4337601B213ADC0051F063 /* ldump.c */; };
		3E4337981B213ADC0051F063 /* lfunc.c in Sources */ = {isa = PBXBuildFile; fileRef = 3E4337611B213ADC0051F063 /* lfunc.c */; };
		3E4337991B213ADC0051F063 /* lgc.c in Sources */ = {isa = PBXBuildFile; fileRef = 3E4337631B213ADC0051F063 /* lgc.c */; };
		3E43379A1B213ADC0051F063 /* linit.c in Sources */ = {isa = PBXBuildFile; fileRef = 3E4337651B213ADC0051F063 /* linit.c */; };
		3E43379B1B213ADC0051F063 /* liolib.c in Sources */ = {isa = PBXBuildFile; fileRef = 3E4337661B213ADC0051F063 /* liolib.c */; };
		3E43379C1B213ADC0051F063 /* llex.c in Sources */ = {isa = PBXBuildFile; fileRef = 3E4337671B213ADC0051F063 /* llex.c */; };
		3E43379D1B213ADC0051F063 /* lmathlib.c in Sources */ = {isa = PBXBuildFile; fileRef = 3E43376A1B213ADC0051F063 /* lmathlib.c */; };
		3E43379E1B213ADC0051F063 /* lmem.c in Sources */ = {isa = PBXBuildFile; fileRef = 3E43376B1B213ADC0051F063 /* lmem.c */; };
		3E43379F1B213ADC0051F063 /* loadlib.c in Sources */ = {isa = PBXBuildFile; fileRef = 3E43376D1B213ADC0051F063 /* loadlib.c */; };
		3E4337A01B213ADC0051F063 /* lobject.c in Sources */ = {isa = PBXBuildFile; fileRef = 3E43376E1B213ADC0051F063 /* lobject.c */; };
		3E4337A11B213ADC0051F063 /* lopcodes.c in Sources */ = {isa = PBXBuildFile; fileRef = 3E4337701B213ADC0051F063 /* lopcodes.c */; };
		3E4337A21B213ADC0051F063 /* loslib.c in Sources */ = {isa = PBXBuildFile; fileRef = 3E4337721B213ADC0051F063 /* loslib.c */; };
		3E4337A31B213ADC0051F063 /* lparser.c in Sources */ = {isa = PBXBuildFile; fileRef = 3E4337731B213ADC0051F063 /* lparser.c */; };
		3E4337A41B213ADC0051F063 /* lstate.c in Sources */ = {isa = PBXBuildFile; fileRef = 3E4337761B213ADC0051F063 /* lstate.c */; };
		3E4337A51B213ADC0051F063 /* lstring.c in Sources */ = {isa = PBXBuildFile; fileRef = 3E4337781B213ADC0051F063 /* lstring.c */; };
		3E4337A61B213ADC0051F063 /* lstrlib.c in Sources */ = {isa = PBXBuildFile; fileRef = 3E43377A1B213ADC0051F063 /* lstrlib.c */; };
		3E4337A71B213ADC0051F063 /* ltable.c in Sources */ = {isa = PBXBuildFile; fileRef = 3E43377B1B213ADC0051F063 /* ltable.c */; };
		3E4337A81B213ADC0051F063 /* ltablib.c in Sources */ = {isa = PBXBuildFile; fileRef = 3E43377D1B213ADC0051F063 /* ltablib.c */; };
		3E4337A91B213ADC0051F063 /* ltm.c in Sources */ = {isa = PBXBuildFile; fileRef = 3E43377E1B213ADC0051F063 /* ltm.c */; };
		3E4337AC1B213ADC0051F063 /* lundump.c in Sources */ = {isa = PBXBuildFile; fileRef = 3E4337861B213ADC0051F063 /* lundump.c */; };
		3E4337AD1B213ADC0051F063 /* lutf8lib.c in Sources */ = {isa = PBXBuildFile; fileRef = 3E4337881B213ADC0051F063 /* lutf8lib.c */; };
		3E4337AE1B213ADC0051F063 /* lvm.c in Sources */ = {isa = PBXBuildFile; fileRef = 3E4337891B213ADC0051F063 /* lvm.c */; };
		3E4337AF1B213ADC0051F063 /* lzio.c in Sources */ = {isa = PBXBuildFile; fileRef = 3E43378B1B213ADC0051F063 /* lzio.c */; };
/* End PBXBuildFile section */

/* Begin PBXContainerItemProxy section */
		3E4336DF1B213A940051F063 /* PBXContainerItemProxy */ = {
			isa = PBXContainerItemProxy;
			containerPortal = 3E4336CA1B213A940051F063 /* Project object */;
			proxyType = 1;
			remoteGlobalIDString = 3E4336D11B213A940051F063;
			remoteInfo = MMLuaBridge;
		};
/* End PBXContainerItemProxy section */

/* Begin PBXCopyFilesBuildPhase section */
		3E4336D01B213A940051F063 /* CopyFiles */ = {
			isa = PBXCopyFilesBuildPhase;
			buildActionMask = 2147483647;
			dstPath = "include/$(PRODUCT_NAME)";
			dstSubfolderSpec = 16;
			files = (
				3E4336D61B213A940051F063 /* MMLuaBridge.h in CopyFiles */,
			);
			runOnlyForDeploymentPostprocessing = 0;
		};
/* End PBXCopyFilesBuildPhase section */

/* Begin PBXFileReference section */
		3E4336D21B213A940051F063 /* libMMLuaBridge.a */ = {isa = PBXFileReference; explicitFileType = archive.ar; includeInIndex = 0; path = libMMLuaBridge.a; sourceTree = BUILT_PRODUCTS_DIR; };
		3E4336D51B213A940051F063 /* MMLuaBridge.h */ = {isa = PBXFileReference; lastKnownFileType = sourcecode.c.h; path = MMLuaBridge.h; sourceTree = "<group>"; };
		3E4336D71B213A940051F063 /* MMLuaBridge.m */ = {isa = PBXFileReference; lastKnownFileType = sourcecode.c.objc; path = MMLuaBridge.m; sourceTree = "<group>"; };
		3E4336DD1B213A940051F063 /* MMLuaBridgeTests.xctest */ = {isa = PBXFileReference; explicitFileType = wrapper.cfbundle; includeInIndex = 0; path = MMLuaBridgeTests.xctest; sourceTree = BUILT_PRODUCTS_DIR; };
		3E4336E31B213A940051F063 /* Info.plist */ = {isa = PBXFileReference; lastKnownFileType = text.plist.xml; path = Info.plist; sourceTree = "<group>"; };
		3E4337501B213ADC0051F063 /* lapi.c */ = {isa = PBXFileReference; fileEncoding = 4; lastKnownFileType = sourcecode.c.c; name = lapi.c; path = "lua-5.3.0/src/lapi.c"; sourceTree = "<group>"; };
		3E4337511B213ADC0051F063 /* lapi.h */ = {isa = PBXFileReference; fileEncoding = 4; lastKnownFileType = sourcecode.c.h; name = lapi.h; path = "lua-5.3.0/src/lapi.h"; sourceTree = "<group>"; };
		3E4337521B213ADC0051F063 /* lauxlib.c */ = {isa = PBXFileReference; fileEncoding = 4; lastKnownFileType = sourcecode.c.c; name = lauxlib.c; path = "lua-5.3.0/src/lauxlib.c"; sourceTree = "<group>"; };
		3E4337531B213ADC0051F063 /* lauxlib.h */ = {isa = PBXFileReference; fileEncoding = 4; lastKnownFileType = sourcecode.c.h; name = lauxlib.h; path = "lua-5.3.0/src/lauxlib.h"; sourceTree = "<group>"; };
		3E4337541B213ADC0051F063 /* lbaselib.c */ = {isa = PBXFileReference; fileEncoding = 4; lastKnownFileType = sourcecode.c.c; name = lbaselib.c; path = "lua-5.3.0/src/lbaselib.c"; sourceTree = "<group>"; };
		3E4337551B213ADC0051F063 /* lbitlib.c */ = {isa = PBXFileReference; fileEncoding = 4; lastKnownFileType = sourcecode.c.c; name = lbitlib.c; path = "lua-5.3.0/src/lbitlib.c"; sourceTree = "<group>"; };
		3E4337561B213ADC0051F063 /* lcode.c */ = {isa = PBXFileReference; fileEncoding = 4; lastKnownFileType = sourcecode.c.c; name = lcode.c; path = "lua-5.3.0/src/lcode.c"; sourceTree = "<group>"; };
		3E4337571B213ADC0051F063 /* lcode.h */ = {isa = PBXFileReference; fileEncoding = 4; lastKnownFileType = sourcecode.c.h; name = lcode.h; path = "lua-5.3.0/src/lcode.h"; sourceTree = "<group>"; };
		3E4337581B213ADC0051F063 /* lcorolib.c */ = {isa = PBXFileReference; fileEncoding = 4; lastKnownFileType = sourcecode.c.c; name = lcorolib.c; path = "lua-5.3.0/src/lcorolib.c"; sourceTree = "<group>"; };
		3E4337591B213ADC0051F063 /* lctype.c */ = {isa = PBXFileReference; fileEncoding = 4; lastKnownFileType = sourcecode.c.c; name = lctype.c; path = "lua-5.3.0/src/lctype.c"; sourceTree = "<group>"; };
		3E43375A1B213ADC0051F063 /* lctype.h */ = {isa = PBXFileReference; fileEncoding = 4; lastKnownFileType = sourcecode.c.h; name = lctype.h; path = "lua-5.3.0/src/lctype.h"; sourceTree = "<group>"; };
		3E43375B1B213ADC0051F063 /* ldblib.c */ = {isa = PBXFileReference; fileEncoding = 4; lastKnownFileType = sourcecode.c.c; name = ldblib.c; path = "lua-5.3.0/src/ldblib.c"; sourceTree = "<group>"; };
		3E43375C1B213ADC0051F063 /* ldebug.c */ = {isa = PBXFileReference; fileEncoding = 4; lastKnownFileType = sourcecode.c.c; name = ldebug.c; path = "lua-5.3.0/src/ldebug.c"; sourceTree = "<group>"; };
		3E43375D1B213ADC0051F063 /* ldebug.h */ = {isa = PBXFileReference; fileEncoding = 4; lastKnownFileType = sourcecode.c.h; name = ldebug.h; path = "lua-5.3.0/src/ldebug.h"; sourceTree = "<group>"; };
		3E43375E1B213ADC0051F063 /* ldo.c */ = {isa = PBXFileReference; fileEncoding = 4; lastKnownFileType = sourcecode.c.c; name = ldo.c; path = "lua-5.3.0/src/ldo.c"; sourceTree = "<group>"; };
		3E43375F1B213ADC0051F063 /* ldo.h */ = {isa = PBXFileReference; fileEncoding = 4; lastKnownFileType = sourcecode.c.h; name = ldo.h; path = "lua-5.3.0/src/ldo.h"; sourceTree = "<group>"; };
		3E4337601B213ADC0051F063 /* ldump.c */ = {isa = PBXFileReference; fileEncoding = 4; lastKnownFileType = sourcecode.c.c; name = ldump.c; path = "lua-5.3.0/src/ldump.c"; sourceTree = "<group>"; };
		3E4337611B213ADC0051F063 /* lfunc.c */ = {isa = PBXFileReference; fileEncoding = 4; lastKnownFileType = sourcecode.c.c; name = lfunc.c; path = "lua-5.3.0/src/lfunc.c"; sourceTree = "<group>"; };
		3E4337621B213ADC0051F063 /* lfunc.h */ = {isa = PBXFileReference; fileEncoding = 4; lastKnownFileType = sourcecode.c.h; name = lfunc.h; path = "lua-5.3.0/src/lfunc.h"; sourceTree = "<group>"; };
		3E4337631B213ADC0051F063 /* lgc.c */ = {isa = PBXFileReference; fileEncoding = 4; lastKnownFileType = sourcecode.c.c; name = lgc.c; path = "lua-5.3.0/src/lgc.c"; sourceTree = "<group>"; };
		3E4337641B213ADC0051F063 /* lgc.h */ = {isa = PBXFileReference; fileEncoding = 4; lastKnownFileType = sourcecode.c.h; name = lgc.h; path = "lua-5.3.0/src/lgc.h"; sourceTree = "<group>"; };
		3E4337651B213ADC0051F063 /* linit.c */ = {isa = PBXFileReference; fileEncoding = 4; lastKnownFileType = sourcecode.c.c; name = linit.c; path = "lua-5.3.0/src/linit.c"; sourceTree = "<group>"; };
		3E4337661B213ADC0051F063 /* liolib.c */ = {isa = PBXFileReference; fileEncoding = 4; lastKnownFileType = sourcecode.c.c; name = liolib.c; path = "lua-5.3.0/src/liolib.c"; sourceTree = "<group>"; };
		3E4337671B213ADC0051F063 /* llex.c */ = {isa = PBXFileReference; fileEncoding = 4; lastKnownFileType = sourcecode.c.c; name = llex.c; path = "lua-5.3.0/src/llex.c"; sourceTree = "<group>"; };
		3E4337681B213ADC0051F063 /* llex.h */ = {isa = PBXFileReference; fileEncoding = 4; lastKnownFileType = sourcecode.c.h; name = llex.h; path = "lua-5.3.0/src/llex.h"; sourceTree = "<group>"; };
		3E4337691B213ADC0051F063 /* llimits.h */ = {isa = PBXFileReference; fileEncoding = 4; lastKnownFileType = sourcecode.c.h; name = llimits.h; path = "lua-5.3.0/src/llimits.h"; sourceTree = "<group>"; };
		3E43376A1B213ADC0051F063 /* lmathlib.c */ = {isa = PBXFileReference; fileEncoding = 4; lastKnownFileType = sourcecode.c.c; name = lmathlib.c; path = "lua-5.3.0/src/lmathlib.c"; sourceTree = "<group>"; };
		3E43376B1B213ADC0051F063 /* lmem.c */ = {isa = PBXFileReference; fileEncoding = 4; lastKnownFileType = sourcecode.c.c; name = lmem.c; path = "lua-5.3.0/src/lmem.c"; sourceTree = "<group>"; };
		3E43376C1B213ADC0051F063 /* lmem.h */ = {isa = PBXFileReference; fileEncoding = 4; lastKnownFileType = sourcecode.c.h; name = lmem.h; path = "lua-5.3.0/src/lmem.h"; sourceTree = "<group>"; };
		3E43376D1B213ADC0051F063 /* loadlib.c */ = {isa = PBXFileReference; fileEncoding = 4; lastKnownFileType = sourcecode.c.c; name = loadlib.c; path = "lua-5.3.0/src/loadlib.c"; sourceTree = "<group>"; };
		3E43376E1B213ADC0051F063 /* lobject.c */ = {isa = PBXFileReference; fileEncoding = 4; lastKnownFileType = sourcecode.c.c; name = lobject.c; path = "lua-5.3.0/src/lobject.c"; sourceTree = "<group>"; };
		3E43376F1B213ADC0051F063 /* lobject.h */ = {isa = PBXFileReference; fileEncoding = 4; lastKnownFileType = sourcecode.c.h; name = lobject.h; path = "lua-5.3.0/src/lobject.h"; sourceTree = "<group>"; };
		3E4337701B213ADC0051F063 /* lopcodes.c */ = {isa = PBXFileReference; fileEncoding = 4; lastKnownFileType = sourcecode.c.c; name = lopcodes.c; path = "lua-5.3.0/src/lopcodes.c"; sourceTree = "<group>"; };
		3E4337711B213ADC0051F063 /* lopcodes.h */ = {isa = PBXFileReference; fileEncoding = 4; lastKnownFileType = sourcecode.c.h; name = lopcodes.h; path = "lua-5.3.0/src/lopcodes.h"; sourceTree = "<group>"; };
		3E4337721B213ADC0051F063 /* loslib.c */ = {isa = PBXFileReference; fileEncoding = 4; lastKnownFileType = sourcecode.c.c; name = loslib.c; path = "lua-5.3.0/src/loslib.c"; sourceTree = "<group>"; };
		3E4337731B213ADC0051F063 /* lparser.c */ = {isa = PBXFileReference; fileEncoding = 4; lastKnownFileType = sourcecode.c.c; name = lparser.c; path = "lua-5.3.0/src/lparser.c"; sourceTree = "<group>"; };
		3E4337741B213ADC0051F063 /* lparser.h */ = {isa = PBXFileReference; fileEncoding = 4; lastKnownFileType = sourcecode.c.h; name = lparser.h; path = "lua-5.3.0/src/lparser.h"; sourceTree = "<group>"; };
		3E4337751B213ADC0051F063 /* lprefix.h */ = {isa = PBXFileReference; fileEncoding = 4; lastKnownFileType = sourcecode.c.h; name = lprefix.h; path = "lua-5.3.0/src/lprefix.h"; sourceTree = "<group>"; };
		3E4337761B213ADC0051F063 /* lstate.c */ = {isa = PBXFileReference; fileEncoding = 4; lastKnownFileType = sourcecode.c.c; name = lstate.c; path = "lua-5.3.0/src/lstate.c"; sourceTree = "<group>"; };
		3E4337771B213ADC0051F063 /* lstate.h */ = {isa = PBXFileReference; fileEncoding = 4; lastKnownFileType = sourcecode.c.h; name = lstate.h; path = "lua-5.3.0/src/lstate.h"; sourceTree = "<group>"; };
		3E4337781B213ADC0051F063 /* lstring.c */ = {isa = PBXFileReference; fileEncoding = 4; lastKnownFileType = sourcecode.c.c; name = lstring.c; path = "lua-5.3.0/src/lstring.c"; sourceTree = "<group>"; };
		3E4337791B213ADC0051F063 /* lstring.h */ = {isa = PBXFileReference; fileEncoding = 4; lastKnownFileType = sourcecode.c.h; name = lstring.h; path = "lua-5.3.0/src/lstring.h"; sourceTree = "<group>"; };
		3E43377A1B213ADC0051F063 /* lstrlib.c */ = {isa = PBXFileReference; fileEncoding = 4; lastKnownFileType = sourcecode.c.c; name = lstrlib.c; path = "lua-5.3.0/src/lstrlib.c"; sourceTree = "<group>"; };
		3E43377B1B213ADC0051F063 /* ltable.c */ = {isa = PBXFileReference; fileEncoding = 4; lastKnownFileType = sourcecode.c.c; name = ltable.c; path = "lua-5.3.0/src/ltable.c"; sourceTree = "<group>"; };
		3E43377C1B213ADC0051F063 /* ltable.h */ = {isa = PBXFileReference; fileEncoding = 4; lastKnownFileType = sourcecode.c.h; name = ltable.h; path = "lua-5.3.0/src/ltable.h"; sourceTree = "<group>"; };
		3E43377D1B213ADC0051F063 /* ltablib.c */ = {isa = PBXFileReference; fileEncoding = 4; lastKnownFileType = sourcecode.c.c; name = ltablib.c; path = "lua-5.3.0/src/ltablib.c"; sourceTree = "<group>"; };
		3E43377E1B213ADC0051F063 /* ltm.c */ = {isa = PBXFileReference; fileEncoding = 4; lastKnownFileType = sourcecode.c.c; name = ltm.c; path = "lua-5.3.0/src/ltm.c"; sourceTree = "<group>"; };
		3E43377F1B213ADC0051F063 /* ltm.h */ = {isa = PBXFileReference; fileEncoding = 4; lastKnownFileType = sourcecode.c.h; name = ltm.h; path = "lua-5.3.0/src/ltm.h"; sourceTree = "<group>"; };
		3E4337801B213ADC0051F063 /* lua.c */ = {isa = PBXFileReference; fileEncoding = 4; lastKnownFileType = sourcecode.c.c; name = lua.c; path = "lua-5.3.0/src/lua.c"; sourceTree = "<group>"; };
		3E4337811B213ADC0051F063 /* lua.h */ = {isa = PBXFileReference; fileEncoding = 4; lastKnownFileType = sourcecode.c.h; name = lua.h; path = "lua-5.3.0/src/lua.h"; sourceTree = "<group>"; };
		3E4337821B213ADC0051F063 /* lua.hpp */ = {isa = PBXFileReference; fileEncoding = 4; lastKnownFileType = sourcecode.cpp.h; name = lua.hpp; path = "lua-5.3.0/src/lua.hpp"; sourceTree = "<group>"; };
		3E4337831B213ADC0051F063 /* luac.c */ = {isa = PBXFileReference; fileEncoding = 4; lastKnownFileType = sourcecode.c.c; name = luac.c; path = "lua-5.3.0/src/luac.c"; sourceTree = "<group>"; };
		3E4337841B213ADC0051F063 /* luaconf.h */ = {isa = PBXFileReference; fileEncoding = 4; lastKnownFileType = sourcecode.c.h; name = luaconf.h; path = "lua-5.3.0/src/luaconf.h"; sourceTree = "<group>"; };
		3E4337851B213ADC0051F063 /* lualib.h */ = {isa = PBXFileReference; fileEncoding = 4; lastKnownFileType = sourcecode.c.h; name = lualib.h; path = "lua-5.3.0/src/lualib.h"; sourceTree = "<group>"; };
		3E4337861B213ADC0051F063 /* lundump.c */ = {isa = PBXFileReference; fileEncoding = 4; lastKnownFileType = sourcecode.c.c; name = lundump.c; path = "lua-5.3.0/src/lundump.c"; sourceTree = "<group>"; };
		3E4337871B213ADC0051F063 /* lundump.h */ = {isa = PBXFileReference; fileEncoding = 4; lastKnownFileType = sourcecode.c.h; name = lundump.h; path = "lua-5.3.0/src/lundump.h"; sourceTree = "<group>"; };
		3E4337881B213ADC0051F063 /* lutf8lib.c */ = {isa = PBXFileReference; fileEncoding = 4; lastKnownFileType = sourcecode.c.c; name = lutf8lib.c; path = "lua-5.3.0/src/lutf8lib.c"; sourceTree = "<group>"; };
		3E4337891B213ADC0051F063 /* lvm.c */ = {isa = PBXFileReference; fileEncoding = 4; lastKnownFileType = sourcecode.c.c; name = lvm.c; path = "lua-5.3.0/src/lvm.c"; sourceTree = "<group>"; };
		3E43378A1B213ADC0051F063 /* lvm.h */ = {isa = PBXFileReference; fileEncoding = 4; lastKnownFileType = sourcecode.c.h; name = lvm.h; path = "lua-5.3.0/src/lvm.h"; sourceTree = "<group>"; };
		3E43378B1B213ADC0051F063 /* lzio.c */ = {isa = PBXFileReference; fileEncoding = 4; lastKnownFileType = sourcecode.c.c; name = lzio.c; path = "lua-5.3.0/src/lzio.c"; sourceTree = "<group>"; };
		3E43378C1B213ADC0051F063 /* lzio.h */ = {isa = PBXFileReference; fileEncoding = 4; lastKnownFileType = sourcecode.c.h; name = lzio.h; path = "lua-5.3.0/src/lzio.h"; sourceTree = "<group>"; };
/* End PBXFileReference section */

/* Begin PBXFrameworksBuildPhase section */
		3E4336CF1B213A940051F063 /* Frameworks */ = {
			isa = PBXFrameworksBuildPhase;
			buildActionMask = 2147483647;
			files = (
			);
			runOnlyForDeploymentPostprocessing = 0;
		};
		3E4336DA1B213A940051F063 /* Frameworks */ = {
			isa = PBXFrameworksBuildPhase;
			buildActionMask = 2147483647;
			files = (
				3E4336DE1B213A940051F063 /* libMMLuaBridge.a in Frameworks */,
			);
			runOnlyForDeploymentPostprocessing = 0;
		};
/* End PBXFrameworksBuildPhase section */

/* Begin PBXGroup section */
		3E4336C91B213A940051F063 = {
			isa = PBXGroup;
			children = (
				3E4336D41B213A940051F063 /* MMLuaBridge */,
				3E4336E11B213A940051F063 /* MMLuaBridgeTests */,
				3E4336D31B213A940051F063 /* Products */,
			);
			sourceTree = "<group>";
		};
		3E4336D31B213A940051F063 /* Products */ = {
			isa = PBXGroup;
			children = (
				3E4336D21B213A940051F063 /* libMMLuaBridge.a */,
				3E4336DD1B213A940051F063 /* MMLuaBridgeTests.xctest */,
			);
			name = Products;
			sourceTree = "<group>";
		};
		3E4336D41B213A940051F063 /* MMLuaBridge */ = {
			isa = PBXGroup;
			children = (
				3E4336EC1B213AB20051F063 /* lua-5.3.0 */,
				3E4336D51B213A940051F063 /* MMLuaBridge.h */,
				3E4336D71B213A940051F063 /* MMLuaBridge.m */,
			);
			path = MMLuaBridge;
			sourceTree = "<group>";
		};
		3E4336E11B213A940051F063 /* MMLuaBridgeTests */ = {
			isa = PBXGroup;
			children = (
				3E4336E21B213A940051F063 /* Supporting Files */,
			);
			path = MMLuaBridgeTests;
			sourceTree = "<group>";
		};
		3E4336E21B213A940051F063 /* Supporting Files */ = {
			isa = PBXGroup;
			children = (
				3E4336E31B213A940051F063 /* Info.plist */,
			);
			name = "Supporting Files";
			sourceTree = "<group>";
		};
		3E4336EC1B213AB20051F063 /* lua-5.3.0 */ = {
			isa = PBXGroup;
			children = (
				3E4337501B213ADC0051F063 /* lapi.c */,
				3E4337511B213ADC0051F063 /* lapi.h */,
				3E4337521B213ADC0051F063 /* lauxlib.c */,
				3E4337531B213ADC0051F063 /* lauxlib.h */,
				3E4337541B213ADC0051F063 /* lbaselib.c */,
				3E4337551B213ADC0051F063 /* lbitlib.c */,
				3E4337561B213ADC0051F063 /* lcode.c */,
				3E4337571B213ADC0051F063 /* lcode.h */,
				3E4337581B213ADC0051F063 /* lcorolib.c */,
				3E4337591B213ADC0051F063 /* lctype.c */,
				3E43375A1B213ADC0051F063 /* lctype.h */,
				3E43375B1B213ADC0051F063 /* ldblib.c */,
				3E43375C1B213ADC0051F063 /* ldebug.c */,
				3E43375D1B213ADC0051F063 /* ldebug.h */,
				3E43375E1B213ADC0051F063 /* ldo.c */,
				3E43375F1B213ADC0051F063 /* ldo.h */,
				3E4337601B213ADC0051F063 /* ldump.c */,
				3E4337611B213ADC0051F063 /* lfunc.c */,
				3E4337621B213ADC0051F063 /* lfunc.h */,
				3E4337631B213ADC0051F063 /* lgc.c */,
				3E4337641B213ADC0051F063 /* lgc.h */,
				3E4337651B213ADC0051F063 /* linit.c */,
				3E4337661B213ADC0051F063 /* liolib.c */,
				3E4337671B213ADC0051F063 /* llex.c */,
				3E4337681B213ADC0051F063 /* llex.h */,
				3E4337691B213ADC0051F063 /* llimits.h */,
				3E43376A1B213ADC0051F063 /* lmathlib.c */,
				3E43376B1B213ADC0051F063 /* lmem.c */,
				3E43376C1B213ADC0051F063 /* lmem.h */,
				3E43376D1B213ADC0051F063 /* loadlib.c */,
				3E43376E1B213ADC0051F063 /* lobject.c */,
				3E43376F1B213ADC0051F063 /* lobject.h */,
				3E4337701B213ADC0051F063 /* lopcodes.c */,
				3E4337711B213ADC0051F063 /* lopcodes.h */,
				3E4337721B213ADC0051F063 /* loslib.c */,
				3E4337731B213ADC0051F063 /* lparser.c */,
				3E4337741B213ADC0051F063 /* lparser.h */,
				3E4337751B213ADC0051F063 /* lprefix.h */,
				3E4337761B213ADC0051F063 /* lstate.c */,
				3E4337771B213ADC0051F063 /* lstate.h */,
				3E4337781B213ADC0051F063 /* lstring.c */,
				3E4337791B213ADC0051F063 /* lstring.h */,
				3E43377A1B213ADC0051F063 /* lstrlib.c */,
				3E43377B1B213ADC0051F063 /* ltable.c */,
				3E43377C1B213ADC0051F063 /* ltable.h */,
				3E43377D1B213ADC0051F063 /* ltablib.c */,
				3E43377E1B213ADC0051F063 /* ltm.c */,
				3E43377F1B213ADC0051F063 /* ltm.h */,
				3E4337801B213ADC0051F063 /* lua.c */,
				3E4337811B213ADC0051F063 /* lua.h */,
				3E4337821B213ADC0051F063 /* lua.hpp */,
				3E4337831B213ADC0051F063 /* luac.c */,
				3E4337841B213ADC0051F063 /* luaconf.h */,
				3E4337851B213ADC0051F063 /* lualib.h */,
				3E4337861B213ADC0051F063 /* lundump.c */,
				3E4337871B213ADC0051F063 /* lundump.h */,
				3E4337881B213ADC0051F063 /* lutf8lib.c */,
				3E4337891B213ADC0051F063 /* lvm.c */,
				3E43378A1B213ADC0051F063 /* lvm.h */,
				3E43378B1B213ADC0051F063 /* lzio.c */,
				3E43378C1B213ADC0051F063 /* lzio.h */,
			);
			name = "lua-5.3.0";
			sourceTree = "<group>";
		};
/* End PBXGroup section */

/* Begin PBXNativeTarget section */
		3E4336D11B213A940051F063 /* MMLuaBridge */ = {
			isa = PBXNativeTarget;
			buildConfigurationList = 3E4336E61B213A940051F063 /* Build configuration list for PBXNativeTarget "MMLuaBridge" */;
			buildPhases = (
				3E4336CE1B213A940051F063 /* Sources */,
				3E4336CF1B213A940051F063 /* Frameworks */,
				3E4336D01B213A940051F063 /* CopyFiles */,
			);
			buildRules = (
			);
			dependencies = (
			);
			name = MMLuaBridge;
			productName = MMLuaBridge;
			productReference = 3E4336D21B213A940051F063 /* libMMLuaBridge.a */;
			productType = "com.apple.product-type.library.static";
		};
		3E4336DC1B213A940051F063 /* MMLuaBridgeTests */ = {
			isa = PBXNativeTarget;
			buildConfigurationList = 3E4336E91B213A940051F063 /* Build configuration list for PBXNativeTarget "MMLuaBridgeTests" */;
			buildPhases = (
				3E4336D91B213A940051F063 /* Sources */,
				3E4336DA1B213A940051F063 /* Frameworks */,
				3E4336DB1B213A940051F063 /* Resources */,
			);
			buildRules = (
			);
			dependencies = (
				3E4336E01B213A940051F063 /* PBXTargetDependency */,
			);
			name = MMLuaBridgeTests;
			productName = MMLuaBridgeTests;
			productReference = 3E4336DD1B213A940051F063 /* MMLuaBridgeTests.xctest */;
			productType = "com.apple.product-type.bundle.unit-test";
		};
/* End PBXNativeTarget section */

/* Begin PBXProject section */
		3E4336CA1B213A940051F063 /* Project object */ = {
			isa = PBXProject;
			attributes = {
				LastUpgradeCheck = 0630;
				ORGANIZATIONNAME = yangzexin;
				TargetAttributes = {
					3E4336D11B213A940051F063 = {
						CreatedOnToolsVersion = 6.3.2;
					};
					3E4336DC1B213A940051F063 = {
						CreatedOnToolsVersion = 6.3.2;
					};
				};
			};
			buildConfigurationList = 3E4336CD1B213A940051F063 /* Build configuration list for PBXProject "MMLuaBridge" */;
			compatibilityVersion = "Xcode 3.2";
			developmentRegion = English;
			hasScannedForEncodings = 0;
			knownRegions = (
				en,
			);
			mainGroup = 3E4336C91B213A940051F063;
			productRefGroup = 3E4336D31B213A940051F063 /* Products */;
			projectDirPath = "";
			projectRoot = "";
			targets = (
				3E4336D11B213A940051F063 /* MMLuaBridge */,
				3E4336DC1B213A940051F063 /* MMLuaBridgeTests */,
			);
		};
/* End PBXProject section */

/* Begin PBXResourcesBuildPhase section */
		3E4336DB1B213A940051F063 /* Resources */ = {
			isa = PBXResourcesBuildPhase;
			buildActionMask = 2147483647;
			files = (
			);
			runOnlyForDeploymentPostprocessing = 0;
		};
/* End PBXResourcesBuildPhase section */

/* Begin PBXSourcesBuildPhase section */
		3E4336CE1B213A940051F063 /* Sources */ = {
			isa = PBXSourcesBuildPhase;
			buildActionMask = 2147483647;
			files = (
				3E4337981B213ADC0051F063 /* lfunc.c in Sources */,
				3E4337A01B213ADC0051F063 /* lobject.c in Sources */,
				3E4337961B213ADC0051F063 /* ldo.c in Sources */,
				3E4337A21B213ADC0051F063 /* loslib.c in Sources */,
				3E4337AC1B213ADC0051F063 /* lundump.c in Sources */,
				3E4337A41B213ADC0051F063 /* lstate.c in Sources */,
				3E43379D1B213ADC0051F063 /* lmathlib.c in Sources */,
				3E4337A81B213ADC0051F063 /* ltablib.c in Sources */,
				3E4337941B213ADC0051F063 /* ldblib.c in Sources */,
				3E4337A51B213ADC0051F063 /* lstring.c in Sources */,
				3E4337A91B213ADC0051F063 /* ltm.c in Sources */,
				3E43379A1B213ADC0051F063 /* linit.c in Sources */,
				3E4337AE1B213ADC0051F063 /* lvm.c in Sources */,
				3E4337A71B213ADC0051F063 /* ltable.c in Sources */,
				3E43379B1B213ADC0051F063 /* liolib.c in Sources */,
				3E4337921B213ADC0051F063 /* lcorolib.c in Sources */,
				3E4337AD1B213ADC0051F063 /* lutf8lib.c in Sources */,
				3E4337AF1B213ADC0051F063 /* lzio.c in Sources */,
				3E4336D81B213A940051F063 /* MMLuaBridge.m in Sources */,
				3E4337931B213ADC0051F063 /* lctype.c in Sources */,
				3E4337A61B213ADC0051F063 /* lstrlib.c in Sources */,
				3E4337991B213ADC0051F063 /* lgc.c in Sources */,
				3E43378F1B213ADC0051F063 /* lbaselib.c in Sources */,
				3E4337971B213ADC0051F063 /* ldump.c in Sources */,
				3E43379C1B213ADC0051F063 /* llex.c in Sources */,
				3E43378D1B213ADC0051F063 /* lapi.c in Sources */,
				3E4337951B213ADC0051F063 /* ldebug.c in Sources */,
				3E4337A11B213ADC0051F063 /* lopcodes.c in Sources */,
				3E4337911B213ADC0051F063 /* lcode.c in Sources */,
				3E4337A31B213ADC0051F063 /* lparser.c in Sources */,
				3E4337901B213ADC0051F063 /* lbitlib.c in Sources */,
				3E43379F1B213ADC0051F063 /* loadlib.c in Sources */,
				3E43378E1B213ADC0051F063 /* lauxlib.c in Sources */,
				3E43379E1B213ADC0051F063 /* lmem.c in Sources */,
			);
			runOnlyForDeploymentPostprocessing = 0;
		};
		3E4336D91B213A940051F063 /* Sources */ = {
			isa = PBXSourcesBuildPhase;
			buildActionMask = 2147483647;
			files = (
			);
			runOnlyForDeploymentPostprocessing = 0;
		};
/* End PBXSourcesBuildPhase section */

/* Begin PBXTargetDependency section */
		3E4336E01B213A940051F063 /* PBXTargetDependency */ = {
			isa = PBXTargetDependency;
			target = 3E4336D11B213A940051F063 /* MMLuaBridge */;
			targetProxy = 3E4336DF1B213A940051F063 /* PBXContainerItemProxy */;
		};
/* End PBXTargetDependency section */

/* Begin XCBuildConfiguration section */
		3E4336E41B213A940051F063 /* Debug */ = {
			isa = XCBuildConfiguration;
			buildSettings = {
				ALWAYS_SEARCH_USER_PATHS = NO;
				CLANG_CXX_LANGUAGE_STANDARD = "gnu++0x";
				CLANG_CXX_LIBRARY = "libc++";
				CLANG_ENABLE_MODULES = YES;
				CLANG_ENABLE_OBJC_ARC = YES;
				CLANG_WARN_BOOL_CONVERSION = YES;
				CLANG_WARN_CONSTANT_CONVERSION = YES;
				CLANG_WARN_DIRECT_OBJC_ISA_USAGE = YES_ERROR;
				CLANG_WARN_EMPTY_BODY = YES;
				CLANG_WARN_ENUM_CONVERSION = YES;
				CLANG_WARN_INT_CONVERSION = YES;
				CLANG_WARN_OBJC_ROOT_CLASS = YES_ERROR;
				CLANG_WARN_UNREACHABLE_CODE = YES;
				CLANG_WARN__DUPLICATE_METHOD_MATCH = YES;
				COPY_PHASE_STRIP = NO;
				DEBUG_INFORMATION_FORMAT = "dwarf-with-dsym";
				ENABLE_STRICT_OBJC_MSGSEND = YES;
				GCC_C_LANGUAGE_STANDARD = gnu99;
				GCC_DYNAMIC_NO_PIC = NO;
				GCC_NO_COMMON_BLOCKS = YES;
				GCC_OPTIMIZATION_LEVEL = 0;
				GCC_PREPROCESSOR_DEFINITIONS = (
					"DEBUG=1",
					"$(inherited)",
				);
				GCC_SYMBOLS_PRIVATE_EXTERN = NO;
				GCC_WARN_64_TO_32_BIT_CONVERSION = YES;
				GCC_WARN_ABOUT_RETURN_TYPE = YES_ERROR;
				GCC_WARN_UNDECLARED_SELECTOR = YES;
				GCC_WARN_UNINITIALIZED_AUTOS = YES_AGGRESSIVE;
				GCC_WARN_UNUSED_FUNCTION = YES;
				GCC_WARN_UNUSED_VARIABLE = YES;
				IPHONEOS_DEPLOYMENT_TARGET = 8.3;
				MTL_ENABLE_DEBUG_INFO = YES;
				ONLY_ACTIVE_ARCH = YES;
				SDKROOT = iphoneos;
			};
			name = Debug;
		};
		3E4336E51B213A940051F063 /* Release */ = {
			isa = XCBuildConfiguration;
			buildSettings = {
				ALWAYS_SEARCH_USER_PATHS = NO;
				CLANG_CXX_LANGUAGE_STANDARD = "gnu++0x";
				CLANG_CXX_LIBRARY = "libc++";
				CLANG_ENABLE_MODULES = YES;
				CLANG_ENABLE_OBJC_ARC = YES;
				CLANG_WARN_BOOL_CONVERSION = YES;
				CLANG_WARN_CONSTANT_CONVERSION = YES;
				CLANG_WARN_DIRECT_OBJC_ISA_USAGE = YES_ERROR;
				CLANG_WARN_EMPTY_BODY = YES;
				CLANG_WARN_ENUM_CONVERSION = YES;
				CLANG_WARN_INT_CONVERSION = YES;
				CLANG_WARN_OBJC_ROOT_CLASS = YES_ERROR;
				CLANG_WARN_UNREACHABLE_CODE = YES;
				CLANG_WARN__DUPLICATE_METHOD_MATCH = YES;
				COPY_PHASE_STRIP = NO;
				DEBUG_INFORMATION_FORMAT = "dwarf-with-dsym";
				ENABLE_NS_ASSERTIONS = NO;
				ENABLE_STRICT_OBJC_MSGSEND = YES;
				GCC_C_LANGUAGE_STANDARD = gnu99;
				GCC_NO_COMMON_BLOCKS = YES;
				GCC_WARN_64_TO_32_BIT_CONVERSION = YES;
				GCC_WARN_ABOUT_RETURN_TYPE = YES_ERROR;
				GCC_WARN_UNDECLARED_SELECTOR = YES;
				GCC_WARN_UNINITIALIZED_AUTOS = YES_AGGRESSIVE;
				GCC_WARN_UNUSED_FUNCTION = YES;
				GCC_WARN_UNUSED_VARIABLE = YES;
				IPHONEOS_DEPLOYMENT_TARGET = 8.3;
				MTL_ENABLE_DEBUG_INFO = NO;
				SDKROOT = iphoneos;
				VALIDATE_PRODUCT = YES;
			};
			name = Release;
		};
		3E4336E71B213A940051F063 /* Debug */ = {
			isa = XCBuildConfiguration;
			buildSettings = {
				OTHER_LDFLAGS = "-ObjC";
				PRODUCT_NAME = "$(TARGET_NAME)";
				SKIP_INSTALL = YES;
			};
			name = Debug;
		};
		3E4336E81B213A940051F063 /* Release */ = {
			isa = XCBuildConfiguration;
			buildSettings = {
				OTHER_LDFLAGS = "-ObjC";
				PRODUCT_NAME = "$(TARGET_NAME)";
				SKIP_INSTALL = YES;
			};
			name = Release;
		};
		3E4336EA1B213A940051F063 /* Debug */ = {
			isa = XCBuildConfiguration;
			buildSettings = {
				"CODE_SIGN_IDENTITY[sdk=iphoneos*]" = "iPhone Developer";
				FRAMEWORK_SEARCH_PATHS = (
					"$(SDKROOT)/Developer/Library/Frameworks",
					"$(inherited)",
				);
				GCC_PREPROCESSOR_DEFINITIONS = (
					"DEBUG=1",
					"$(inherited)",
				);
				INFOPLIST_FILE = MMLuaBridgeTests/Info.plist;
				LD_RUNPATH_SEARCH_PATHS = "$(inherited) @executable_path/Frameworks @loader_path/Frameworks";
				PRODUCT_NAME = "$(TARGET_NAME)";
			};
			name = Debug;
		};
		3E4336EB1B213A940051F063 /* Release */ = {
			isa = XCBuildConfiguration;
			buildSettings = {
				"CODE_SIGN_IDENTITY[sdk=iphoneos*]" = "iPhone Developer";
				FRAMEWORK_SEARCH_PATHS = (
					"$(SDKROOT)/Developer/Library/Frameworks",
					"$(inherited)",
				);
				INFOPLIST_FILE = MMLuaBridgeTests/Info.plist;
				LD_RUNPATH_SEARCH_PATHS = "$(inherited) @executable_path/Frameworks @loader_path/Frameworks";
				PRODUCT_NAME = "$(TARGET_NAME)";
			};
			name = Release;
		};
/* End XCBuildConfiguration section */

/* Begin XCConfigurationList section */
		3E4336CD1B213A940051F063 /* Build configuration list for PBXProject "MMLuaBridge" */ = {
			isa = XCConfigurationList;
			buildConfigurations = (
				3E4336E41B213A940051F063 /* Debug */,
				3E4336E51B213A940051F063 /* Release */,
			);
			defaultConfigurationIsVisible = 0;
			defaultConfigurationName = Release;
		};
		3E4336E61B213A940051F063 /* Build configuration list for PBXNativeTarget "MMLuaBridge" */ = {
			isa = XCConfigurationList;
			buildConfigurations = (
				3E4336E71B213A940051F063 /* Debug */,
				3E4336E81B213A940051F063 /* Release */,
			);
			defaultConfigurationIsVisible = 0;
		};
		3E4336E91B213A940051F063 /* Build configuration list for PBXNativeTarget "MMLuaBridgeTests" */ = {
			isa = XCConfigurationList;
			buildConfigurations = (
				3E4336EA1B213A940051F063 /* Debug */,
				3E4336EB1B213A940051F063 /* Release */,
			);
			defaultConfigurationIsVisible = 0;
		};
/* End XCConfigurationList section */
	};
	rootObject = 3E4336CA1B213A940051F063 /* Project object */;
}
