// !$*UTF8*$!
{
	archiveVersion = 1;
	classes = {
	};
	objectVersion = 46;
	objects = {

/* Begin PBXBuildFile section */
		3E4336D61B213A940051F063 /* MMLuaRunner.h in CopyFiles */ = {isa = PBXBuildFile; fileRef = 3E4336D51B213A940051F063 /* MMLuaRunner.h */; };
		3E4336D81B213A940051F063 /* MMLuaRunner.m in Sources */ = {isa = PBXBuildFile; fileRef = 3E4336D71B213A940051F063 /* MMLuaRunner.m */; };
		3E4336DE1B213A940051F063 /* libMMLuaBridge.a in Frameworks */ = {isa = PBXBuildFile; fileRef = 3E4336D21B213A940051F063 /* libMMLuaBridge.a */; };
		3E4337E71B21421F0051F063 /* lapi.c in Sources */ = {isa = PBXBuildFile; fileRef = 3E4337B01B21421F0051F063 /* lapi.c */; };
		3E4337E81B21421F0051F063 /* lauxlib.c in Sources */ = {isa = PBXBuildFile; fileRef = 3E4337B21B21421F0051F063 /* lauxlib.c */; };
		3E4337E91B21421F0051F063 /* lbaselib.c in Sources */ = {isa = PBXBuildFile; fileRef = 3E4337B41B21421F0051F063 /* lbaselib.c */; };
		3E4337EA1B21421F0051F063 /* lcode.c in Sources */ = {isa = PBXBuildFile; fileRef = 3E4337B51B21421F0051F063 /* lcode.c */; };
		3E4337EB1B21421F0051F063 /* ldblib.c in Sources */ = {isa = PBXBuildFile; fileRef = 3E4337B71B21421F0051F063 /* ldblib.c */; };
		3E4337EC1B21421F0051F063 /* ldebug.c in Sources */ = {isa = PBXBuildFile; fileRef = 3E4337B81B21421F0051F063 /* ldebug.c */; };
		3E4337ED1B21421F0051F063 /* ldo.c in Sources */ = {isa = PBXBuildFile; fileRef = 3E4337BA1B21421F0051F063 /* ldo.c */; };
		3E4337EE1B21421F0051F063 /* ldump.c in Sources */ = {isa = PBXBuildFile; fileRef = 3E4337BC1B21421F0051F063 /* ldump.c */; };
		3E4337EF1B21421F0051F063 /* lfunc.c in Sources */ = {isa = PBXBuildFile; fileRef = 3E4337BD1B21421F0051F063 /* lfunc.c */; };
		3E4337F01B21421F0051F063 /* lgc.c in Sources */ = {isa = PBXBuildFile; fileRef = 3E4337BF1B21421F0051F063 /* lgc.c */; };
		3E4337F11B21421F0051F063 /* linit.c in Sources */ = {isa = PBXBuildFile; fileRef = 3E4337C11B21421F0051F063 /* linit.c */; };
		3E4337F21B21421F0051F063 /* liolib.c in Sources */ = {isa = PBXBuildFile; fileRef = 3E4337C21B21421F0051F063 /* liolib.c */; };
		3E4337F31B21421F0051F063 /* llex.c in Sources */ = {isa = PBXBuildFile; fileRef = 3E4337C31B21421F0051F063 /* llex.c */; };
		3E4337F41B21421F0051F063 /* lmathlib.c in Sources */ = {isa = PBXBuildFile; fileRef = 3E4337C61B21421F0051F063 /* lmathlib.c */; };
		3E4337F51B21421F0051F063 /* lmem.c in Sources */ = {isa = PBXBuildFile; fileRef = 3E4337C71B21421F0051F063 /* lmem.c */; };
		3E4337F61B21421F0051F063 /* loadlib.c in Sources */ = {isa = PBXBuildFile; fileRef = 3E4337C91B21421F0051F063 /* loadlib.c */; };
		3E4337F71B21421F0051F063 /* lobject.c in Sources */ = {isa = PBXBuildFile; fileRef = 3E4337CA1B21421F0051F063 /* lobject.c */; };
		3E4337F81B21421F0051F063 /* lopcodes.c in Sources */ = {isa = PBXBuildFile; fileRef = 3E4337CC1B21421F0051F063 /* lopcodes.c */; };
		3E4337F91B21421F0051F063 /* loslib.c in Sources */ = {isa = PBXBuildFile; fileRef = 3E4337CE1B21421F0051F063 /* loslib.c */; };
		3E4337FA1B21421F0051F063 /* lparser.c in Sources */ = {isa = PBXBuildFile; fileRef = 3E4337CF1B21421F0051F063 /* lparser.c */; };
		3E4337FB1B21421F0051F063 /* lstate.c in Sources */ = {isa = PBXBuildFile; fileRef = 3E4337D11B21421F0051F063 /* lstate.c */; };
		3E4337FC1B21421F0051F063 /* lstring.c in Sources */ = {isa = PBXBuildFile; fileRef = 3E4337D31B21421F0051F063 /* lstring.c */; };
		3E4337FD1B21421F0051F063 /* lstrlib.c in Sources */ = {isa = PBXBuildFile; fileRef = 3E4337D51B21421F0051F063 /* lstrlib.c */; };
		3E4337FE1B21421F0051F063 /* ltable.c in Sources */ = {isa = PBXBuildFile; fileRef = 3E4337D61B21421F0051F063 /* ltable.c */; };
		3E4337FF1B21421F0051F063 /* ltablib.c in Sources */ = {isa = PBXBuildFile; fileRef = 3E4337D81B21421F0051F063 /* ltablib.c */; };
		3E4338001B21421F0051F063 /* ltm.c in Sources */ = {isa = PBXBuildFile; fileRef = 3E4337D91B21421F0051F063 /* ltm.c */; };
		3E4338031B21421F0051F063 /* lundump.c in Sources */ = {isa = PBXBuildFile; fileRef = 3E4337E01B21421F0051F063 /* lundump.c */; };
		3E4338041B21421F0051F063 /* lvm.c in Sources */ = {isa = PBXBuildFile; fileRef = 3E4337E21B21421F0051F063 /* lvm.c */; };
		3E4338051B21421F0051F063 /* lzio.c in Sources */ = {isa = PBXBuildFile; fileRef = 3E4337E41B21421F0051F063 /* lzio.c */; };
		3E4338061B21421F0051F063 /* print.c in Sources */ = {isa = PBXBuildFile; fileRef = 3E4337E61B21421F0051F063 /* print.c */; };
		3E43380D1B2150C60051F063 /* MMLuaBridgeTests.m in Sources */ = {isa = PBXBuildFile; fileRef = 3E43380C1B2150C60051F063 /* MMLuaBridgeTests.m */; };
		3E43380E1B2150FA0051F063 /* lapi.c in Sources */ = {isa = PBXBuildFile; fileRef = 3E4337B01B21421F0051F063 /* lapi.c */; };
		3E43380F1B2150FA0051F063 /* lapi.h in Sources */ = {isa = PBXBuildFile; fileRef = 3E4337B11B21421F0051F063 /* lapi.h */; };
		3E4338101B2150FA0051F063 /* lauxlib.c in Sources */ = {isa = PBXBuildFile; fileRef = 3E4337B21B21421F0051F063 /* lauxlib.c */; };
		3E4338111B2150FA0051F063 /* lauxlib.h in Sources */ = {isa = PBXBuildFile; fileRef = 3E4337B31B21421F0051F063 /* lauxlib.h */; };
		3E4338121B2150FA0051F063 /* lbaselib.c in Sources */ = {isa = PBXBuildFile; fileRef = 3E4337B41B21421F0051F063 /* lbaselib.c */; };
		3E4338131B2150FA0051F063 /* lcode.c in Sources */ = {isa = PBXBuildFile; fileRef = 3E4337B51B21421F0051F063 /* lcode.c */; };
		3E4338141B2150FA0051F063 /* lcode.h in Sources */ = {isa = PBXBuildFile; fileRef = 3E4337B61B21421F0051F063 /* lcode.h */; };
		3E4338151B2150FA0051F063 /* ldblib.c in Sources */ = {isa = PBXBuildFile; fileRef = 3E4337B71B21421F0051F063 /* ldblib.c */; };
		3E4338161B2150FA0051F063 /* ldebug.c in Sources */ = {isa = PBXBuildFile; fileRef = 3E4337B81B21421F0051F063 /* ldebug.c */; };
		3E4338171B2150FA0051F063 /* ldebug.h in Sources */ = {isa = PBXBuildFile; fileRef = 3E4337B91B21421F0051F063 /* ldebug.h */; };
		3E4338181B2150FA0051F063 /* ldo.c in Sources */ = {isa = PBXBuildFile; fileRef = 3E4337BA1B21421F0051F063 /* ldo.c */; };
		3E4338191B2150FA0051F063 /* ldo.h in Sources */ = {isa = PBXBuildFile; fileRef = 3E4337BB1B21421F0051F063 /* ldo.h */; };
		3E43381A1B2150FA0051F063 /* ldump.c in Sources */ = {isa = PBXBuildFile; fileRef = 3E4337BC1B21421F0051F063 /* ldump.c */; };
		3E43381B1B2150FA0051F063 /* lfunc.c in Sources */ = {isa = PBXBuildFile; fileRef = 3E4337BD1B21421F0051F063 /* lfunc.c */; };
		3E43381C1B2150FA0051F063 /* lfunc.h in Sources */ = {isa = PBXBuildFile; fileRef = 3E4337BE1B21421F0051F063 /* lfunc.h */; };
		3E43381D1B2150FA0051F063 /* lgc.c in Sources */ = {isa = PBXBuildFile; fileRef = 3E4337BF1B21421F0051F063 /* lgc.c */; };
		3E43381E1B2150FA0051F063 /* lgc.h in Sources */ = {isa = PBXBuildFile; fileRef = 3E4337C01B21421F0051F063 /* lgc.h */; };
		3E43381F1B2150FA0051F063 /* linit.c in Sources */ = {isa = PBXBuildFile; fileRef = 3E4337C11B21421F0051F063 /* linit.c */; };
		3E4338201B2150FA0051F063 /* liolib.c in Sources */ = {isa = PBXBuildFile; fileRef = 3E4337C21B21421F0051F063 /* liolib.c */; };
		3E4338211B2150FA0051F063 /* llex.c in Sources */ = {isa = PBXBuildFile; fileRef = 3E4337C31B21421F0051F063 /* llex.c */; };
		3E4338221B2150FA0051F063 /* llex.h in Sources */ = {isa = PBXBuildFile; fileRef = 3E4337C41B21421F0051F063 /* llex.h */; };
		3E4338231B2150FA0051F063 /* llimits.h in Sources */ = {isa = PBXBuildFile; fileRef = 3E4337C51B21421F0051F063 /* llimits.h */; };
		3E4338241B2150FA0051F063 /* lmathlib.c in Sources */ = {isa = PBXBuildFile; fileRef = 3E4337C61B21421F0051F063 /* lmathlib.c */; };
		3E4338251B2150FA0051F063 /* lmem.c in Sources */ = {isa = PBXBuildFile; fileRef = 3E4337C71B21421F0051F063 /* lmem.c */; };
		3E4338261B2150FA0051F063 /* lmem.h in Sources */ = {isa = PBXBuildFile; fileRef = 3E4337C81B21421F0051F063 /* lmem.h */; };
		3E4338271B2150FA0051F063 /* loadlib.c in Sources */ = {isa = PBXBuildFile; fileRef = 3E4337C91B21421F0051F063 /* loadlib.c */; };
		3E4338281B2150FA0051F063 /* lobject.c in Sources */ = {isa = PBXBuildFile; fileRef = 3E4337CA1B21421F0051F063 /* lobject.c */; };
		3E4338291B2150FA0051F063 /* lobject.h in Sources */ = {isa = PBXBuildFile; fileRef = 3E4337CB1B21421F0051F063 /* lobject.h */; };
		3E43382A1B2150FA0051F063 /* lopcodes.c in Sources */ = {isa = PBXBuildFile; fileRef = 3E4337CC1B21421F0051F063 /* lopcodes.c */; };
		3E43382B1B2150FA0051F063 /* lopcodes.h in Sources */ = {isa = PBXBuildFile; fileRef = 3E4337CD1B21421F0051F063 /* lopcodes.h */; };
		3E43382C1B2150FA0051F063 /* loslib.c in Sources */ = {isa = PBXBuildFile; fileRef = 3E4337CE1B21421F0051F063 /* loslib.c */; };
		3E43382D1B2150FA0051F063 /* lparser.c in Sources */ = {isa = PBXBuildFile; fileRef = 3E4337CF1B21421F0051F063 /* lparser.c */; };
		3E43382E1B2150FA0051F063 /* lparser.h in Sources */ = {isa = PBXBuildFile; fileRef = 3E4337D01B21421F0051F063 /* lparser.h */; };
		3E43382F1B2150FA0051F063 /* lstate.c in Sources */ = {isa = PBXBuildFile; fileRef = 3E4337D11B21421F0051F063 /* lstate.c */; };
		3E4338301B2150FA0051F063 /* lstate.h in Sources */ = {isa = PBXBuildFile; fileRef = 3E4337D21B21421F0051F063 /* lstate.h */; };
		3E4338311B2150FA0051F063 /* lstring.c in Sources */ = {isa = PBXBuildFile; fileRef = 3E4337D31B21421F0051F063 /* lstring.c */; };
		3E4338321B2150FA0051F063 /* lstring.h in Sources */ = {isa = PBXBuildFile; fileRef = 3E4337D41B21421F0051F063 /* lstring.h */; };
		3E4338331B2150FA0051F063 /* lstrlib.c in Sources */ = {isa = PBXBuildFile; fileRef = 3E4337D51B21421F0051F063 /* lstrlib.c */; };
		3E4338341B2150FA0051F063 /* ltable.c in Sources */ = {isa = PBXBuildFile; fileRef = 3E4337D61B21421F0051F063 /* ltable.c */; };
		3E4338351B2150FA0051F063 /* ltable.h in Sources */ = {isa = PBXBuildFile; fileRef = 3E4337D71B21421F0051F063 /* ltable.h */; };
		3E4338361B2150FA0051F063 /* ltablib.c in Sources */ = {isa = PBXBuildFile; fileRef = 3E4337D81B21421F0051F063 /* ltablib.c */; };
		3E4338371B2150FA0051F063 /* ltm.c in Sources */ = {isa = PBXBuildFile; fileRef = 3E4337D91B21421F0051F063 /* ltm.c */; };
		3E4338381B2150FA0051F063 /* ltm.h in Sources */ = {isa = PBXBuildFile; fileRef = 3E4337DA1B21421F0051F063 /* ltm.h */; };
		3E43383A1B2150FA0051F063 /* lua.h in Sources */ = {isa = PBXBuildFile; fileRef = 3E4337DC1B21421F0051F063 /* lua.h */; };
		3E43383C1B2150FA0051F063 /* luaconf.h in Sources */ = {isa = PBXBuildFile; fileRef = 3E4337DE1B21421F0051F063 /* luaconf.h */; };
		3E43383D1B2150FA0051F063 /* lualib.h in Sources */ = {isa = PBXBuildFile; fileRef = 3E4337DF1B21421F0051F063 /* lualib.h */; };
		3E43383E1B2150FA0051F063 /* lundump.c in Sources */ = {isa = PBXBuildFile; fileRef = 3E4337E01B21421F0051F063 /* lundump.c */; };
		3E43383F1B2150FA0051F063 /* lundump.h in Sources */ = {isa = PBXBuildFile; fileRef = 3E4337E11B21421F0051F063 /* lundump.h */; };
		3E4338401B2150FA0051F063 /* lvm.c in Sources */ = {isa = PBXBuildFile; fileRef = 3E4337E21B21421F0051F063 /* lvm.c */; };
		3E4338411B2150FA0051F063 /* lvm.h in Sources */ = {isa = PBXBuildFile; fileRef = 3E4337E31B21421F0051F063 /* lvm.h */; };
		3E4338421B2150FA0051F063 /* lzio.c in Sources */ = {isa = PBXBuildFile; fileRef = 3E4337E41B21421F0051F063 /* lzio.c */; };
		3E4338431B2150FA0051F063 /* lzio.h in Sources */ = {isa = PBXBuildFile; fileRef = 3E4337E51B21421F0051F063 /* lzio.h */; };
		3E4338441B2150FA0051F063 /* print.c in Sources */ = {isa = PBXBuildFile; fileRef = 3E4337E61B21421F0051F063 /* print.c */; };
		3E4338451B21511A0051F063 /* MMLuaRunner.m in Sources */ = {isa = PBXBuildFile; fileRef = 3E4336D71B213A940051F063 /* MMLuaRunner.m */; };
/* End PBXBuildFile section */

/* Begin PBXContainerItemProxy section */
		3E4336DF1B213A940051F063 /* PBXContainerItemProxy */ = {
			isa = PBXContainerItemProxy;
			containerPortal = 3E4336CA1B213A940051F063 /* Project object */;
			proxyType = 1;
			remoteGlobalIDString = 3E4336D11B213A940051F063;
			remoteInfo = MMLuaBridge;
		};
/* End PBXContainerItemProxy section */

/* Begin PBXCopyFilesBuildPhase section */
		3E4336D01B213A940051F063 /* CopyFiles */ = {
			isa = PBXCopyFilesBuildPhase;
			buildActionMask = 2147483647;
			dstPath = "include/$(PRODUCT_NAME)";
			dstSubfolderSpec = 16;
			files = (
				3E4336D61B213A940051F063 /* MMLuaRunner.h in CopyFiles */,
			);
			runOnlyForDeploymentPostprocessing = 0;
		};
/* End PBXCopyFilesBuildPhase section */

/* Begin PBXFileReference section */
		3E13FF3D1D23FA17008CD54C /* MMLuaBridge.h */ = {isa = PBXFileReference; lastKnownFileType = sourcecode.c.h; path = MMLuaBridge.h; sourceTree = "<group>"; };
		3E4336D21B213A940051F063 /* libMMLuaBridge.a */ = {isa = PBXFileReference; explicitFileType = archive.ar; includeInIndex = 0; path = libMMLuaBridge.a; sourceTree = BUILT_PRODUCTS_DIR; };
		3E4336D51B213A940051F063 /* MMLuaRunner.h */ = {isa = PBXFileReference; lastKnownFileType = sourcecode.c.h; path = MMLuaRunner.h; sourceTree = "<group>"; };
		3E4336D71B213A940051F063 /* MMLuaRunner.m */ = {isa = PBXFileReference; lastKnownFileType = sourcecode.c.objc; path = MMLuaRunner.m; sourceTree = "<group>"; };
		3E4336DD1B213A940051F063 /* MMLuaBridgeTests.xctest */ = {isa = PBXFileReference; explicitFileType = wrapper.cfbundle; includeInIndex = 0; path = MMLuaBridgeTests.xctest; sourceTree = BUILT_PRODUCTS_DIR; };
		3E4336E31B213A940051F063 /* Info.plist */ = {isa = PBXFileReference; lastKnownFileType = text.plist.xml; path = Info.plist; sourceTree = "<group>"; };
		3E4337B01B21421F0051F063 /* lapi.c */ = {isa = PBXFileReference; fileEncoding = 4; lastKnownFileType = sourcecode.c.c; name = lapi.c; path = "lua-5.1.5/src/lapi.c"; sourceTree = "<group>"; };
		3E4337B11B21421F0051F063 /* lapi.h */ = {isa = PBXFileReference; fileEncoding = 4; lastKnownFileType = sourcecode.c.h; name = lapi.h; path = "lua-5.1.5/src/lapi.h"; sourceTree = "<group>"; };
		3E4337B21B21421F0051F063 /* lauxlib.c */ = {isa = PBXFileReference; fileEncoding = 4; lastKnownFileType = sourcecode.c.c; name = lauxlib.c; path = "lua-5.1.5/src/lauxlib.c"; sourceTree = "<group>"; };
		3E4337B31B21421F0051F063 /* lauxlib.h */ = {isa = PBXFileReference; fileEncoding = 4; lastKnownFileType = sourcecode.c.h; name = lauxlib.h; path = "lua-5.1.5/src/lauxlib.h"; sourceTree = "<group>"; };
		3E4337B41B21421F0051F063 /* lbaselib.c */ = {isa = PBXFileReference; fileEncoding = 4; lastKnownFileType = sourcecode.c.c; name = lbaselib.c; path = "lua-5.1.5/src/lbaselib.c"; sourceTree = "<group>"; };
		3E4337B51B21421F0051F063 /* lcode.c */ = {isa = PBXFileReference; fileEncoding = 4; lastKnownFileType = sourcecode.c.c; name = lcode.c; path = "lua-5.1.5/src/lcode.c"; sourceTree = "<group>"; };
		3E4337B61B21421F0051F063 /* lcode.h */ = {isa = PBXFileReference; fileEncoding = 4; lastKnownFileType = sourcecode.c.h; name = lcode.h; path = "lua-5.1.5/src/lcode.h"; sourceTree = "<group>"; };
		3E4337B71B21421F0051F063 /* ldblib.c */ = {isa = PBXFileReference; fileEncoding = 4; lastKnownFileType = sourcecode.c.c; name = ldblib.c; path = "lua-5.1.5/src/ldblib.c"; sourceTree = "<group>"; };
		3E4337B81B21421F0051F063 /* ldebug.c */ = {isa = PBXFileReference; fileEncoding = 4; lastKnownFileType = sourcecode.c.c; name = ldebug.c; path = "lua-5.1.5/src/ldebug.c"; sourceTree = "<group>"; };
		3E4337B91B21421F0051F063 /* ldebug.h */ = {isa = PBXFileReference; fileEncoding = 4; lastKnownFileType = sourcecode.c.h; name = ldebug.h; path = "lua-5.1.5/src/ldebug.h"; sourceTree = "<group>"; };
		3E4337BA1B21421F0051F063 /* ldo.c */ = {isa = PBXFileReference; fileEncoding = 4; lastKnownFileType = sourcecode.c.c; name = ldo.c; path = "lua-5.1.5/src/ldo.c"; sourceTree = "<group>"; };
		3E4337BB1B21421F0051F063 /* ldo.h */ = {isa = PBXFileReference; fileEncoding = 4; lastKnownFileType = sourcecode.c.h; name = ldo.h; path = "lua-5.1.5/src/ldo.h"; sourceTree = "<group>"; };
		3E4337BC1B21421F0051F063 /* ldump.c */ = {isa = PBXFileReference; fileEncoding = 4; lastKnownFileType = sourcecode.c.c; name = ldump.c; path = "lua-5.1.5/src/ldump.c"; sourceTree = "<group>"; };
		3E4337BD1B21421F0051F063 /* lfunc.c */ = {isa = PBXFileReference; fileEncoding = 4; lastKnownFileType = sourcecode.c.c; name = lfunc.c; path = "lua-5.1.5/src/lfunc.c"; sourceTree = "<group>"; };
		3E4337BE1B21421F0051F063 /* lfunc.h */ = {isa = PBXFileReference; fileEncoding = 4; lastKnownFileType = sourcecode.c.h; name = lfunc.h; path = "lua-5.1.5/src/lfunc.h"; sourceTree = "<group>"; };
		3E4337BF1B21421F0051F063 /* lgc.c */ = {isa = PBXFileReference; fileEncoding = 4; lastKnownFileType = sourcecode.c.c; name = lgc.c; path = "lua-5.1.5/src/lgc.c"; sourceTree = "<group>"; };
		3E4337C01B21421F0051F063 /* lgc.h */ = {isa = PBXFileReference; fileEncoding = 4; lastKnownFileType = sourcecode.c.h; name = lgc.h; path = "lua-5.1.5/src/lgc.h"; sourceTree = "<group>"; };
		3E4337C11B21421F0051F063 /* linit.c */ = {isa = PBXFileReference; fileEncoding = 4; lastKnownFileType = sourcecode.c.c; name = linit.c; path = "lua-5.1.5/src/linit.c"; sourceTree = "<group>"; };
		3E4337C21B21421F0051F063 /* liolib.c */ = {isa = PBXFileReference; fileEncoding = 4; lastKnownFileType = sourcecode.c.c; name = liolib.c; path = "lua-5.1.5/src/liolib.c"; sourceTree = "<group>"; };
		3E4337C31B21421F0051F063 /* llex.c */ = {isa = PBXFileReference; fileEncoding = 4; lastKnownFileType = sourcecode.c.c; name = llex.c; path = "lua-5.1.5/src/llex.c"; sourceTree = "<group>"; };
		3E4337C41B21421F0051F063 /* llex.h */ = {isa = PBXFileReference; fileEncoding = 4; lastKnownFileType = sourcecode.c.h; name = llex.h; path = "lua-5.1.5/src/llex.h"; sourceTree = "<group>"; };
		3E4337C51B21421F0051F063 /* llimits.h */ = {isa = PBXFileReference; fileEncoding = 4; lastKnownFileType = sourcecode.c.h; name = llimits.h; path = "lua-5.1.5/src/llimits.h"; sourceTree = "<group>"; };
		3E4337C61B21421F0051F063 /* lmathlib.c */ = {isa = PBXFileReference; fileEncoding = 4; lastKnownFileType = sourcecode.c.c; name = lmathlib.c; path = "lua-5.1.5/src/lmathlib.c"; sourceTree = "<group>"; };
		3E4337C71B21421F0051F063 /* lmem.c */ = {isa = PBXFileReference; fileEncoding = 4; lastKnownFileType = sourcecode.c.c; name = lmem.c; path = "lua-5.1.5/src/lmem.c"; sourceTree = "<group>"; };
		3E4337C81B21421F0051F063 /* lmem.h */ = {isa = PBXFileReference; fileEncoding = 4; lastKnownFileType = sourcecode.c.h; name = lmem.h; path = "lua-5.1.5/src/lmem.h"; sourceTree = "<group>"; };
		3E4337C91B21421F0051F063 /* loadlib.c */ = {isa = PBXFileReference; fileEncoding = 4; lastKnownFileType = sourcecode.c.c; name = loadlib.c; path = "lua-5.1.5/src/loadlib.c"; sourceTree = "<group>"; };
		3E4337CA1B21421F0051F063 /* lobject.c */ = {isa = PBXFileReference; fileEncoding = 4; lastKnownFileType = sourcecode.c.c; name = lobject.c; path = "lua-5.1.5/src/lobject.c"; sourceTree = "<group>"; };
		3E4337CB1B21421F0051F063 /* lobject.h */ = {isa = PBXFileReference; fileEncoding = 4; lastKnownFileType = sourcecode.c.h; name = lobject.h; path = "lua-5.1.5/src/lobject.h"; sourceTree = "<group>"; };
		3E4337CC1B21421F0051F063 /* lopcodes.c */ = {isa = PBXFileReference; fileEncoding = 4; lastKnownFileType = sourcecode.c.c; name = lopcodes.c; path = "lua-5.1.5/src/lopcodes.c"; sourceTree = "<group>"; };
		3E4337CD1B21421F0051F063 /* lopcodes.h */ = {isa = PBXFileReference; fileEncoding = 4; lastKnownFileType = sourcecode.c.h; name = lopcodes.h; path = "lua-5.1.5/src/lopcodes.h"; sourceTree = "<group>"; };
		3E4337CE1B21421F0051F063 /* loslib.c */ = {isa = PBXFileReference; fileEncoding = 4; lastKnownFileType = sourcecode.c.c; name = loslib.c; path = "lua-5.1.5/src/loslib.c"; sourceTree = "<group>"; };
		3E4337CF1B21421F0051F063 /* lparser.c */ = {isa = PBXFileReference; fileEncoding = 4; lastKnownFileType = sourcecode.c.c; name = lparser.c; path = "lua-5.1.5/src/lparser.c"; sourceTree = "<group>"; };
		3E4337D01B21421F0051F063 /* lparser.h */ = {isa = PBXFileReference; fileEncoding = 4; lastKnownFileType = sourcecode.c.h; name = lparser.h; path = "lua-5.1.5/src/lparser.h"; sourceTree = "<group>"; };
		3E4337D11B21421F0051F063 /* lstate.c */ = {isa = PBXFileReference; fileEncoding = 4; lastKnownFileType = sourcecode.c.c; name = lstate.c; path = "lua-5.1.5/src/lstate.c"; sourceTree = "<group>"; };
		3E4337D21B21421F0051F063 /* lstate.h */ = {isa = PBXFileReference; fileEncoding = 4; lastKnownFileType = sourcecode.c.h; name = lstate.h; path = "lua-5.1.5/src/lstate.h"; sourceTree = "<group>"; };
		3E4337D31B21421F0051F063 /* lstring.c */ = {isa = PBXFileReference; fileEncoding = 4; lastKnownFileType = sourcecode.c.c; name = lstring.c; path = "lua-5.1.5/src/lstring.c"; sourceTree = "<group>"; };
		3E4337D41B21421F0051F063 /* lstring.h */ = {isa = PBXFileReference; fileEncoding = 4; lastKnownFileType = sourcecode.c.h; name = lstring.h; path = "lua-5.1.5/src/lstring.h"; sourceTree = "<group>"; };
		3E4337D51B21421F0051F063 /* lstrlib.c */ = {isa = PBXFileReference; fileEncoding = 4; lastKnownFileType = sourcecode.c.c; name = lstrlib.c; path = "lua-5.1.5/src/lstrlib.c"; sourceTree = "<group>"; };
		3E4337D61B21421F0051F063 /* ltable.c */ = {isa = PBXFileReference; fileEncoding = 4; lastKnownFileType = sourcecode.c.c; name = ltable.c; path = "lua-5.1.5/src/ltable.c"; sourceTree = "<group>"; };
		3E4337D71B21421F0051F063 /* ltable.h */ = {isa = PBXFileReference; fileEncoding = 4; lastKnownFileType = sourcecode.c.h; name = ltable.h; path = "lua-5.1.5/src/ltable.h"; sourceTree = "<group>"; };
		3E4337D81B21421F0051F063 /* ltablib.c */ = {isa = PBXFileReference; fileEncoding = 4; lastKnownFileType = sourcecode.c.c; name = ltablib.c; path = "lua-5.1.5/src/ltablib.c"; sourceTree = "<group>"; };
		3E4337D91B21421F0051F063 /* ltm.c */ = {isa = PBXFileReference; fileEncoding = 4; lastKnownFileType = sourcecode.c.c; name = ltm.c; path = "lua-5.1.5/src/ltm.c"; sourceTree = "<group>"; };
		3E4337DA1B21421F0051F063 /* ltm.h */ = {isa = PBXFileReference; fileEncoding = 4; lastKnownFileType = sourcecode.c.h; name = ltm.h; path = "lua-5.1.5/src/ltm.h"; sourceTree = "<group>"; };
		3E4337DB1B21421F0051F063 /* lua.c */ = {isa = PBXFileReference; fileEncoding = 4; lastKnownFileType = sourcecode.c.c; name = lua.c; path = "lua-5.1.5/src/lua.c"; sourceTree = "<group>"; };
		3E4337DC1B21421F0051F063 /* lua.h */ = {isa = PBXFileReference; fileEncoding = 4; lastKnownFileType = sourcecode.c.h; name = lua.h; path = "lua-5.1.5/src/lua.h"; sourceTree = "<group>"; };
		3E4337DD1B21421F0051F063 /* luac.c */ = {isa = PBXFileReference; fileEncoding = 4; lastKnownFileType = sourcecode.c.c; name = luac.c; path = "lua-5.1.5/src/luac.c"; sourceTree = "<group>"; };
		3E4337DE1B21421F0051F063 /* luaconf.h */ = {isa = PBXFileReference; fileEncoding = 4; lastKnownFileType = sourcecode.c.h; name = luaconf.h; path = "lua-5.1.5/src/luaconf.h"; sourceTree = "<group>"; };
		3E4337DF1B21421F0051F063 /* lualib.h */ = {isa = PBXFileReference; fileEncoding = 4; lastKnownFileType = sourcecode.c.h; name = lualib.h; path = "lua-5.1.5/src/lualib.h"; sourceTree = "<group>"; };
		3E4337E01B21421F0051F063 /* lundump.c */ = {isa = PBXFileReference; fileEncoding = 4; lastKnownFileType = sourcecode.c.c; name = lundump.c; path = "lua-5.1.5/src/lundump.c"; sourceTree = "<group>"; };
		3E4337E11B21421F0051F063 /* lundump.h */ = {isa = PBXFileReference; fileEncoding = 4; lastKnownFileType = sourcecode.c.h; name = lundump.h; path = "lua-5.1.5/src/lundump.h"; sourceTree = "<group>"; };
		3E4337E21B21421F0051F063 /* lvm.c */ = {isa = PBXFileReference; fileEncoding = 4; lastKnownFileType = sourcecode.c.c; name = lvm.c; path = "lua-5.1.5/src/lvm.c"; sourceTree = "<group>"; };
		3E4337E31B21421F0051F063 /* lvm.h */ = {isa = PBXFileReference; fileEncoding = 4; lastKnownFileType = sourcecode.c.h; name = lvm.h; path = "lua-5.1.5/src/lvm.h"; sourceTree = "<group>"; };
		3E4337E41B21421F0051F063 /* lzio.c */ = {isa = PBXFileReference; fileEncoding = 4; lastKnownFileType = sourcecode.c.c; name = lzio.c; path = "lua-5.1.5/src/lzio.c"; sourceTree = "<group>"; };
		3E4337E51B21421F0051F063 /* lzio.h */ = {isa = PBXFileReference; fileEncoding = 4; lastKnownFileType = sourcecode.c.h; name = lzio.h; path = "lua-5.1.5/src/lzio.h"; sourceTree = "<group>"; };
		3E4337E61B21421F0051F063 /* print.c */ = {isa = PBXFileReference; fileEncoding = 4; lastKnownFileType = sourcecode.c.c; name = print.c; path = "lua-5.1.5/src/print.c"; sourceTree = "<group>"; };
		3E43380C1B2150C60051F063 /* MMLuaBridgeTests.m */ = {isa = PBXFileReference; fileEncoding = 4; lastKnownFileType = sourcecode.c.objc; path = MMLuaBridgeTests.m; sourceTree = "<group>"; };
/* End PBXFileReference section */

/* Begin PBXFrameworksBuildPhase section */
		3E4336CF1B213A940051F063 /* Frameworks */ = {
			isa = PBXFrameworksBuildPhase;
			buildActionMask = 2147483647;
			files = (
			);
			runOnlyForDeploymentPostprocessing = 0;
		};
		3E4336DA1B213A940051F063 /* Frameworks */ = {
			isa = PBXFrameworksBuildPhase;
			buildActionMask = 2147483647;
			files = (
				3E4336DE1B213A940051F063 /* libMMLuaBridge.a in Frameworks */,
			);
			runOnlyForDeploymentPostprocessing = 0;
		};
/* End PBXFrameworksBuildPhase section */

/* Begin PBXGroup section */
		3E4336C91B213A940051F063 = {
			isa = PBXGroup;
			children = (
				3E4336D41B213A940051F063 /* MMLuaBridge */,
				3E4336E11B213A940051F063 /* MMLuaBridgeTests */,
				3E4336D31B213A940051F063 /* Products */,
			);
			sourceTree = "<group>";
		};
		3E4336D31B213A940051F063 /* Products */ = {
			isa = PBXGroup;
			children = (
				3E4336D21B213A940051F063 /* libMMLuaBridge.a */,
				3E4336DD1B213A940051F063 /* MMLuaBridgeTests.xctest */,
			);
			name = Products;
			sourceTree = "<group>";
		};
		3E4336D41B213A940051F063 /* MMLuaBridge */ = {
			isa = PBXGroup;
			children = (
				3E4338071B21423C0051F063 /* lua-5.1.5 */,
				3E4336D51B213A940051F063 /* MMLuaRunner.h */,
				3E4336D71B213A940051F063 /* MMLuaRunner.m */,
				3E13FF3D1D23FA17008CD54C /* MMLuaBridge.h */,
			);
			path = MMLuaBridge;
			sourceTree = "<group>";
		};
		3E4336E11B213A940051F063 /* MMLuaBridgeTests */ = {
			isa = PBXGroup;
			children = (
				3E43380C1B2150C60051F063 /* MMLuaBridgeTests.m */,
				3E4336E21B213A940051F063 /* Supporting Files */,
			);
			path = MMLuaBridgeTests;
			sourceTree = "<group>";
		};
		3E4336E21B213A940051F063 /* Supporting Files */ = {
			isa = PBXGroup;
			children = (
				3E4336E31B213A940051F063 /* Info.plist */,
			);
			name = "Supporting Files";
			sourceTree = "<group>";
		};
		3E4338071B21423C0051F063 /* lua-5.1.5 */ = {
			isa = PBXGroup;
			children = (
				3E4337B01B21421F0051F063 /* lapi.c */,
				3E4337B11B21421F0051F063 /* lapi.h */,
				3E4337B21B21421F0051F063 /* lauxlib.c */,
				3E4337B31B21421F0051F063 /* lauxlib.h */,
				3E4337B41B21421F0051F063 /* lbaselib.c */,
				3E4337B51B21421F0051F063 /* lcode.c */,
				3E4337B61B21421F0051F063 /* lcode.h */,
				3E4337B71B21421F0051F063 /* ldblib.c */,
				3E4337B81B21421F0051F063 /* ldebug.c */,
				3E4337B91B21421F0051F063 /* ldebug.h */,
				3E4337BA1B21421F0051F063 /* ldo.c */,
				3E4337BB1B21421F0051F063 /* ldo.h */,
				3E4337BC1B21421F0051F063 /* ldump.c */,
				3E4337BD1B21421F0051F063 /* lfunc.c */,
				3E4337BE1B21421F0051F063 /* lfunc.h */,
				3E4337BF1B21421F0051F063 /* lgc.c */,
				3E4337C01B21421F0051F063 /* lgc.h */,
				3E4337C11B21421F0051F063 /* linit.c */,
				3E4337C21B21421F0051F063 /* liolib.c */,
				3E4337C31B21421F0051F063 /* llex.c */,
				3E4337C41B21421F0051F063 /* llex.h */,
				3E4337C51B21421F0051F063 /* llimits.h */,
				3E4337C61B21421F0051F063 /* lmathlib.c */,
				3E4337C71B21421F0051F063 /* lmem.c */,
				3E4337C81B21421F0051F063 /* lmem.h */,
				3E4337C91B21421F0051F063 /* loadlib.c */,
				3E4337CA1B21421F0051F063 /* lobject.c */,
				3E4337CB1B21421F0051F063 /* lobject.h */,
				3E4337CC1B21421F0051F063 /* lopcodes.c */,
				3E4337CD1B21421F0051F063 /* lopcodes.h */,
				3E4337CE1B21421F0051F063 /* loslib.c */,
				3E4337CF1B21421F0051F063 /* lparser.c */,
				3E4337D01B21421F0051F063 /* lparser.h */,
				3E4337D11B21421F0051F063 /* lstate.c */,
				3E4337D21B21421F0051F063 /* lstate.h */,
				3E4337D31B21421F0051F063 /* lstring.c */,
				3E4337D41B21421F0051F063 /* lstring.h */,
				3E4337D51B21421F0051F063 /* lstrlib.c */,
				3E4337D61B21421F0051F063 /* ltable.c */,
				3E4337D71B21421F0051F063 /* ltable.h */,
				3E4337D81B21421F0051F063 /* ltablib.c */,
				3E4337D91B21421F0051F063 /* ltm.c */,
				3E4337DA1B21421F0051F063 /* ltm.h */,
				3E4337DB1B21421F0051F063 /* lua.c */,
				3E4337DC1B21421F0051F063 /* lua.h */,
				3E4337DD1B21421F0051F063 /* luac.c */,
				3E4337DE1B21421F0051F063 /* luaconf.h */,
				3E4337DF1B21421F0051F063 /* lualib.h */,
				3E4337E01B21421F0051F063 /* lundump.c */,
				3E4337E11B21421F0051F063 /* lundump.h */,
				3E4337E21B21421F0051F063 /* lvm.c */,
				3E4337E31B21421F0051F063 /* lvm.h */,
				3E4337E41B21421F0051F063 /* lzio.c */,
				3E4337E51B21421F0051F063 /* lzio.h */,
				3E4337E61B21421F0051F063 /* print.c */,
			);
			name = "lua-5.1.5";
			sourceTree = "<group>";
		};
/* End PBXGroup section */

/* Begin PBXNativeTarget section */
		3E4336D11B213A940051F063 /* MMLuaBridge */ = {
			isa = PBXNativeTarget;
			buildConfigurationList = 3E4336E61B213A940051F063 /* Build configuration list for PBXNativeTarget "MMLuaBridge" */;
			buildPhases = (
				3E4336CE1B213A940051F063 /* Sources */,
				3E4336CF1B213A940051F063 /* Frameworks */,
				3E4336D01B213A940051F063 /* CopyFiles */,
			);
			buildRules = (
			);
			dependencies = (
			);
			name = MMLuaBridge;
			productName = MMLuaBridge;
			productReference = 3E4336D21B213A940051F063 /* libMMLuaBridge.a */;
			productType = "com.apple.product-type.library.static";
		};
		3E4336DC1B213A940051F063 /* MMLuaBridgeTests */ = {
			isa = PBXNativeTarget;
			buildConfigurationList = 3E4336E91B213A940051F063 /* Build configuration list for PBXNativeTarget "MMLuaBridgeTests" */;
			buildPhases = (
				3E4336D91B213A940051F063 /* Sources */,
				3E4336DA1B213A940051F063 /* Frameworks */,
				3E4336DB1B213A940051F063 /* Resources */,
			);
			buildRules = (
			);
			dependencies = (
				3E4336E01B213A940051F063 /* PBXTargetDependency */,
			);
			name = MMLuaBridgeTests;
			productName = MMLuaBridgeTests;
			productReference = 3E4336DD1B213A940051F063 /* MMLuaBridgeTests.xctest */;
			productType = "com.apple.product-type.bundle.unit-test";
		};
/* End PBXNativeTarget section */

/* Begin PBXProject section */
		3E4336CA1B213A940051F063 /* Project object */ = {
			isa = PBXProject;
			attributes = {
				LastUpgradeCheck = 0630;
				ORGANIZATIONNAME = yangzexin;
				TargetAttributes = {
					3E4336D11B213A940051F063 = {
						CreatedOnToolsVersion = 6.3.2;
					};
					3E4336DC1B213A940051F063 = {
						CreatedOnToolsVersion = 6.3.2;
					};
				};
			};
			buildConfigurationList = 3E4336CD1B213A940051F063 /* Build configuration list for PBXProject "MMLuaBridge" */;
			compatibilityVersion = "Xcode 3.2";
			developmentRegion = English;
			hasScannedForEncodings = 0;
			knownRegions = (
				English,
				en,
			);
			mainGroup = 3E4336C91B213A940051F063;
			productRefGroup = 3E4336D31B213A940051F063 /* Products */;
			projectDirPath = "";
			projectRoot = "";
			targets = (
				3E4336D11B213A940051F063 /* MMLuaBridge */,
				3E4336DC1B213A940051F063 /* MMLuaBridgeTests */,
			);
		};
/* End PBXProject section */

/* Begin PBXResourcesBuildPhase section */
		3E4336DB1B213A940051F063 /* Resources */ = {
			isa = PBXResourcesBuildPhase;
			buildActionMask = 2147483647;
			files = (
			);
			runOnlyForDeploymentPostprocessing = 0;
		};
/* End PBXResourcesBuildPhase section */

/* Begin PBXSourcesBuildPhase section */
		3E4336CE1B213A940051F063 /* Sources */ = {
			isa = PBXSourcesBuildPhase;
			buildActionMask = 2147483647;
			files = (
				3E4337F11B21421F0051F063 /* linit.c in Sources */,
				3E4337F01B21421F0051F063 /* lgc.c in Sources */,
				3E4337F51B21421F0051F063 /* lmem.c in Sources */,
				3E4337F21B21421F0051F063 /* liolib.c in Sources */,
				3E4337EF1B21421F0051F063 /* lfunc.c in Sources */,
				3E4337FC1B21421F0051F063 /* lstring.c in Sources */,
				3E4337EB1B21421F0051F063 /* ldblib.c in Sources */,
				3E4336D81B213A940051F063 /* MMLuaRunner.m in Sources */,
				3E4337FF1B21421F0051F063 /* ltablib.c in Sources */,
				3E4338041B21421F0051F063 /* lvm.c in Sources */,
				3E4337F31B21421F0051F063 /* llex.c in Sources */,
				3E4337F61B21421F0051F063 /* loadlib.c in Sources */,
				3E4337E91B21421F0051F063 /* lbaselib.c in Sources */,
				3E4338031B21421F0051F063 /* lundump.c in Sources */,
				3E4337EE1B21421F0051F063 /* ldump.c in Sources */,
				3E4337EC1B21421F0051F063 /* ldebug.c in Sources */,
				3E4337E71B21421F0051F063 /* lapi.c in Sources */,
				3E4338061B21421F0051F063 /* print.c in Sources */,
				3E4337F71B21421F0051F063 /* lobject.c in Sources */,
				3E4337F91B21421F0051F063 /* loslib.c in Sources */,
				3E4337FE1B21421F0051F063 /* ltable.c in Sources */,
				3E4338051B21421F0051F063 /* lzio.c in Sources */,
				3E4337F41B21421F0051F063 /* lmathlib.c in Sources */,
				3E4337FA1B21421F0051F063 /* lparser.c in Sources */,
				3E4337ED1B21421F0051F063 /* ldo.c in Sources */,
				3E4337FB1B21421F0051F063 /* lstate.c in Sources */,
				3E4337F81B21421F0051F063 /* lopcodes.c in Sources */,
				3E4337E81B21421F0051F063 /* lauxlib.c in Sources */,
				3E4338001B21421F0051F063 /* ltm.c in Sources */,
				3E4337FD1B21421F0051F063 /* lstrlib.c in Sources */,
				3E4337EA1B21421F0051F063 /* lcode.c in Sources */,
			);
			runOnlyForDeploymentPostprocessing = 0;
		};
		3E4336D91B213A940051F063 /* Sources */ = {
			isa = PBXSourcesBuildPhase;
			buildActionMask = 2147483647;
			files = (
				3E4338451B21511A0051F063 /* MMLuaRunner.m in Sources */,
				3E43380E1B2150FA0051F063 /* lapi.c in Sources */,
				3E43380F1B2150FA0051F063 /* lapi.h in Sources */,
				3E4338101B2150FA0051F063 /* lauxlib.c in Sources */,
				3E4338111B2150FA0051F063 /* lauxlib.h in Sources */,
				3E4338121B2150FA0051F063 /* lbaselib.c in Sources */,
				3E4338131B2150FA0051F063 /* lcode.c in Sources */,
				3E4338141B2150FA0051F063 /* lcode.h in Sources */,
				3E4338151B2150FA0051F063 /* ldblib.c in Sources */,
				3E4338161B2150FA0051F063 /* ldebug.c in Sources */,
				3E4338171B2150FA0051F063 /* ldebug.h in Sources */,
				3E4338181B2150FA0051F063 /* ldo.c in Sources */,
				3E4338191B2150FA0051F063 /* ldo.h in Sources */,
				3E43381A1B2150FA0051F063 /* ldump.c in Sources */,
				3E43381B1B2150FA0051F063 /* lfunc.c in Sources */,
				3E43381C1B2150FA0051F063 /* lfunc.h in Sources */,
				3E43381D1B2150FA0051F063 /* lgc.c in Sources */,
				3E43381E1B2150FA0051F063 /* lgc.h in Sources */,
				3E43381F1B2150FA0051F063 /* linit.c in Sources */,
				3E4338201B2150FA0051F063 /* liolib.c in Sources */,
				3E4338211B2150FA0051F063 /* llex.c in Sources */,
				3E4338221B2150FA0051F063 /* llex.h in Sources */,
				3E4338231B2150FA0051F063 /* llimits.h in Sources */,
				3E4338241B2150FA0051F063 /* lmathlib.c in Sources */,
				3E4338251B2150FA0051F063 /* lmem.c in Sources */,
				3E4338261B2150FA0051F063 /* lmem.h in Sources */,
				3E4338271B2150FA0051F063 /* loadlib.c in Sources */,
				3E4338281B2150FA0051F063 /* lobject.c in Sources */,
				3E4338291B2150FA0051F063 /* lobject.h in Sources */,
				3E43382A1B2150FA0051F063 /* lopcodes.c in Sources */,
				3E43382B1B2150FA0051F063 /* lopcodes.h in Sources */,
				3E43382C1B2150FA0051F063 /* loslib.c in Sources */,
				3E43382D1B2150FA0051F063 /* lparser.c in Sources */,
				3E43382E1B2150FA0051F063 /* lparser.h in Sources */,
				3E43382F1B2150FA0051F063 /* lstate.c in Sources */,
				3E4338301B2150FA0051F063 /* lstate.h in Sources */,
				3E4338311B2150FA0051F063 /* lstring.c in Sources */,
				3E4338321B2150FA0051F063 /* lstring.h in Sources */,
				3E4338331B2150FA0051F063 /* lstrlib.c in Sources */,
				3E4338341B2150FA0051F063 /* ltable.c in Sources */,
				3E4338351B2150FA0051F063 /* ltable.h in Sources */,
				3E4338361B2150FA0051F063 /* ltablib.c in Sources */,
				3E4338371B2150FA0051F063 /* ltm.c in Sources */,
				3E4338381B2150FA0051F063 /* ltm.h in Sources */,
				3E43383A1B2150FA0051F063 /* lua.h in Sources */,
				3E43383C1B2150FA0051F063 /* luaconf.h in Sources */,
				3E43383D1B2150FA0051F063 /* lualib.h in Sources */,
				3E43383E1B2150FA0051F063 /* lundump.c in Sources */,
				3E43383F1B2150FA0051F063 /* lundump.h in Sources */,
				3E4338401B2150FA0051F063 /* lvm.c in Sources */,
				3E4338411B2150FA0051F063 /* lvm.h in Sources */,
				3E4338421B2150FA0051F063 /* lzio.c in Sources */,
				3E4338431B2150FA0051F063 /* lzio.h in Sources */,
				3E4338441B2150FA0051F063 /* print.c in Sources */,
				3E43380D1B2150C60051F063 /* MMLuaBridgeTests.m in Sources */,
			);
			runOnlyForDeploymentPostprocessing = 0;
		};
/* End PBXSourcesBuildPhase section */

/* Begin PBXTargetDependency section */
		3E4336E01B213A940051F063 /* PBXTargetDependency */ = {
			isa = PBXTargetDependency;
			target = 3E4336D11B213A940051F063 /* MMLuaBridge */;
			targetProxy = 3E4336DF1B213A940051F063 /* PBXContainerItemProxy */;
		};
/* End PBXTargetDependency section */

/* Begin XCBuildConfiguration section */
		3E4336E41B213A940051F063 /* Debug */ = {
			isa = XCBuildConfiguration;
			buildSettings = {
				ALWAYS_SEARCH_USER_PATHS = NO;
				CLANG_CXX_LANGUAGE_STANDARD = "gnu++0x";
				CLANG_CXX_LIBRARY = "libc++";
				CLANG_ENABLE_MODULES = YES;
				CLANG_ENABLE_OBJC_ARC = YES;
				CLANG_WARN_BOOL_CONVERSION = YES;
				CLANG_WARN_CONSTANT_CONVERSION = YES;
				CLANG_WARN_DIRECT_OBJC_ISA_USAGE = YES_ERROR;
				CLANG_WARN_EMPTY_BODY = YES;
				CLANG_WARN_ENUM_CONVERSION = YES;
				CLANG_WARN_INT_CONVERSION = YES;
				CLANG_WARN_OBJC_ROOT_CLASS = YES_ERROR;
				CLANG_WARN_UNREACHABLE_CODE = YES;
				CLANG_WARN__DUPLICATE_METHOD_MATCH = YES;
				COPY_PHASE_STRIP = NO;
				DEBUG_INFORMATION_FORMAT = "dwarf-with-dsym";
				ENABLE_STRICT_OBJC_MSGSEND = YES;
				GCC_C_LANGUAGE_STANDARD = gnu99;
				GCC_DYNAMIC_NO_PIC = NO;
				GCC_NO_COMMON_BLOCKS = YES;
				GCC_OPTIMIZATION_LEVEL = 0;
				GCC_PREPROCESSOR_DEFINITIONS = (
					"DEBUG=1",
					"$(inherited)",
				);
				GCC_SYMBOLS_PRIVATE_EXTERN = NO;
				GCC_WARN_64_TO_32_BIT_CONVERSION = YES;
				GCC_WARN_ABOUT_RETURN_TYPE = YES_ERROR;
				GCC_WARN_UNDECLARED_SELECTOR = YES;
				GCC_WARN_UNINITIALIZED_AUTOS = YES_AGGRESSIVE;
				GCC_WARN_UNUSED_FUNCTION = YES;
				GCC_WARN_UNUSED_VARIABLE = YES;
				IPHONEOS_DEPLOYMENT_TARGET = 8.3;
				MTL_ENABLE_DEBUG_INFO = YES;
				ONLY_ACTIVE_ARCH = YES;
				SDKROOT = iphoneos;
			};
			name = Debug;
		};
		3E4336E51B213A940051F063 /* Release */ = {
			isa = XCBuildConfiguration;
			buildSettings = {
				ALWAYS_SEARCH_USER_PATHS = NO;
				CLANG_CXX_LANGUAGE_STANDARD = "gnu++0x";
				CLANG_CXX_LIBRARY = "libc++";
				CLANG_ENABLE_MODULES = YES;
				CLANG_ENABLE_OBJC_ARC = YES;
				CLANG_WARN_BOOL_CONVERSION = YES;
				CLANG_WARN_CONSTANT_CONVERSION = YES;
				CLANG_WARN_DIRECT_OBJC_ISA_USAGE = YES_ERROR;
				CLANG_WARN_EMPTY_BODY = YES;
				CLANG_WARN_ENUM_CONVERSION = YES;
				CLANG_WARN_INT_CONVERSION = YES;
				CLANG_WARN_OBJC_ROOT_CLASS = YES_ERROR;
				CLANG_WARN_UNREACHABLE_CODE = YES;
				CLANG_WARN__DUPLICATE_METHOD_MATCH = YES;
				COPY_PHASE_STRIP = NO;
				DEBUG_INFORMATION_FORMAT = "dwarf-with-dsym";
				ENABLE_NS_ASSERTIONS = NO;
				ENABLE_STRICT_OBJC_MSGSEND = YES;
				GCC_C_LANGUAGE_STANDARD = gnu99;
				GCC_NO_COMMON_BLOCKS = YES;
				GCC_WARN_64_TO_32_BIT_CONVERSION = YES;
				GCC_WARN_ABOUT_RETURN_TYPE = YES_ERROR;
				GCC_WARN_UNDECLARED_SELECTOR = YES;
				GCC_WARN_UNINITIALIZED_AUTOS = YES_AGGRESSIVE;
				GCC_WARN_UNUSED_FUNCTION = YES;
				GCC_WARN_UNUSED_VARIABLE = YES;
				IPHONEOS_DEPLOYMENT_TARGET = 8.3;
				MTL_ENABLE_DEBUG_INFO = NO;
				SDKROOT = iphoneos;
				VALIDATE_PRODUCT = YES;
			};
			name = Release;
		};
		3E4336E71B213A940051F063 /* Debug */ = {
			isa = XCBuildConfiguration;
			buildSettings = {
				IPHONEOS_DEPLOYMENT_TARGET = 9.0;
				OTHER_LDFLAGS = "-ObjC";
				PRODUCT_NAME = "$(TARGET_NAME)";
				SKIP_INSTALL = YES;
			};
			name = Debug;
		};
		3E4336E81B213A940051F063 /* Release */ = {
			isa = XCBuildConfiguration;
			buildSettings = {
				IPHONEOS_DEPLOYMENT_TARGET = 9.0;
				OTHER_LDFLAGS = "-ObjC";
				PRODUCT_NAME = "$(TARGET_NAME)";
				SKIP_INSTALL = YES;
			};
			name = Release;
		};
		3E4336EA1B213A940051F063 /* Debug */ = {
			isa = XCBuildConfiguration;
			buildSettings = {
				"CODE_SIGN_IDENTITY[sdk=iphoneos*]" = "iPhone Developer";
				FRAMEWORK_SEARCH_PATHS = (
					"$(SDKROOT)/Developer/Library/Frameworks",
					"$(inherited)",
				);
				GCC_PREPROCESSOR_DEFINITIONS = (
					"DEBUG=1",
					"$(inherited)",
				);
				INFOPLIST_FILE = MMLuaBridgeTests/Info.plist;
				LD_RUNPATH_SEARCH_PATHS = "$(inherited) @executable_path/Frameworks @loader_path/Frameworks";
				PRODUCT_NAME = "$(TARGET_NAME)";
			};
			name = Debug;
		};
		3E4336EB1B213A940051F063 /* Release */ = {
			isa = XCBuildConfiguration;
			buildSettings = {
				"CODE_SIGN_IDENTITY[sdk=iphoneos*]" = "iPhone Developer";
				FRAMEWORK_SEARCH_PATHS = (
					"$(SDKROOT)/Developer/Library/Frameworks",
					"$(inherited)",
				);
				INFOPLIST_FILE = MMLuaBridgeTests/Info.plist;
				LD_RUNPATH_SEARCH_PATHS = "$(inherited) @executable_path/Frameworks @loader_path/Frameworks";
				PRODUCT_NAME = "$(TARGET_NAME)";
			};
			name = Release;
		};
/* End XCBuildConfiguration section */

/* Begin XCConfigurationList section */
		3E4336CD1B213A940051F063 /* Build configuration list for PBXProject "MMLuaBridge" */ = {
			isa = XCConfigurationList;
			buildConfigurations = (
				3E4336E41B213A940051F063 /* Debug */,
				3E4336E51B213A940051F063 /* Release */,
			);
			defaultConfigurationIsVisible = 0;
			defaultConfigurationName = Release;
		};
		3E4336E61B213A940051F063 /* Build configuration list for PBXNativeTarget "MMLuaBridge" */ = {
			isa = XCConfigurationList;
			buildConfigurations = (
				3E4336E71B213A940051F063 /* Debug */,
				3E4336E81B213A940051F063 /* Release */,
			);
			defaultConfigurationIsVisible = 0;
			defaultConfigurationName = Release;
		};
		3E4336E91B213A940051F063 /* Build configuration list for PBXNativeTarget "MMLuaBridgeTests" */ = {
			isa = XCConfigurationList;
			buildConfigurations = (
				3E4336EA1B213A940051F063 /* Debug */,
				3E4336EB1B213A940051F063 /* Release */,
			);
			defaultConfigurationIsVisible = 0;
			defaultConfigurationName = Release;
		};
/* End XCConfigurationList section */
	};
	rootObject = 3E4336CA1B213A940051F063 /* Project object */;
}
